// !$*UTF8*$!
{
	archiveVersion = 1;
	classes = {
	};
	objectVersion = 46;
	objects = {

/* Begin PBXBuildFile section */
		147DACB51CB9AE0800EFC2CC /* tiles_index.json in Resources */ = {isa = PBXBuildFile; fileRef = 147DACB11CB9AE0800EFC2CC /* tiles_index.json */; };
		147DACB61CB9AE0800EFC2CC /* final-16x16.png in Resources */ = {isa = PBXBuildFile; fileRef = 147DACB21CB9AE0800EFC2CC /* final-16x16.png */; };
		147DACB71CB9AE0800EFC2CC /* final-8x8.png in Resources */ = {isa = PBXBuildFile; fileRef = 147DACB31CB9AE0800EFC2CC /* final-8x8.png */; };
		147DACB81CB9AE0800EFC2CC /* final-3x3.png in Resources */ = {isa = PBXBuildFile; fileRef = 147DACB41CB9AE0800EFC2CC /* final-3x3.png */; };
		1480F15B1CB978CE00E79C0A /* AbstractToolEffect.swift in Sources */ = {isa = PBXBuildFile; fileRef = 1480F1011CB978CE00E79C0A /* AbstractToolEffect.swift */; };
		1480F15C1CB978CE00E79C0A /* AirportTileBehavior.swift in Sources */ = {isa = PBXBuildFile; fileRef = 1480F1021CB978CE00E79C0A /* AirportTileBehavior.swift */; };
		1480F15D1CB978CE00E79C0A /* AppDelegate.swift in Sources */ = {isa = PBXBuildFile; fileRef = 1480F1031CB978CE00E79C0A /* AppDelegate.swift */; };
		1480F15E1CB978CE00E79C0A /* ArrayExtensions.swift in Sources */ = {isa = PBXBuildFile; fileRef = 1480F1041CB978CE00E79C0A /* ArrayExtensions.swift */; };
		1480F15F1CB978CE00E79C0A /* Budget.swift in Sources */ = {isa = PBXBuildFile; fileRef = 1480F1051CB978CE00E79C0A /* Budget.swift */; };
		1480F1601CB978CE00E79C0A /* BuildingTool.swift in Sources */ = {isa = PBXBuildFile; fileRef = 1480F1061CB978CE00E79C0A /* BuildingTool.swift */; };
		1480F1611CB978CE00E79C0A /* BulldozerTool.swift in Sources */ = {isa = PBXBuildFile; fileRef = 1480F1071CB978CE00E79C0A /* BulldozerTool.swift */; };
		1480F1621CB978CE00E79C0A /* CachedTextureAtlas.swift in Sources */ = {isa = PBXBuildFile; fileRef = 1480F1081CB978CE00E79C0A /* CachedTextureAtlas.swift */; };
		1480F1631CB978CE00E79C0A /* Camera.swift in Sources */ = {isa = PBXBuildFile; fileRef = 1480F1091CB978CE00E79C0A /* Camera.swift */; };
		1480F1641CB978CE00E79C0A /* Census.swift in Sources */ = {isa = PBXBuildFile; fileRef = 1480F10A1CB978CE00E79C0A /* Census.swift */; };
		1480F1651CB978CE00E79C0A /* CGPoint-Extensions.swift in Sources */ = {isa = PBXBuildFile; fileRef = 1480F10B1CB978CE00E79C0A /* CGPoint-Extensions.swift */; };
		1480F1661CB978CE00E79C0A /* CGSize-Extensions.swift in Sources */ = {isa = PBXBuildFile; fileRef = 1480F10C1CB978CE00E79C0A /* CGSize-Extensions.swift */; };
		1480F1671CB978CE00E79C0A /* City.swift in Sources */ = {isa = PBXBuildFile; fileRef = 1480F10D1CB978CE00E79C0A /* City.swift */; };
		1480F1681CB978CE00E79C0A /* CityDateNode.swift in Sources */ = {isa = PBXBuildFile; fileRef = 1480F10E1CB978CE00E79C0A /* CityDateNode.swift */; };
		1480F1691CB978CE00E79C0A /* CityEvaluation.swift in Sources */ = {isa = PBXBuildFile; fileRef = 1480F10F1CB978CE00E79C0A /* CityEvaluation.swift */; };
		1480F16A1CB978CE00E79C0A /* CityHistory.swift in Sources */ = {isa = PBXBuildFile; fileRef = 1480F1101CB978CE00E79C0A /* CityHistory.swift */; };
		1480F16B1CB978CE00E79C0A /* CityLocation.swift in Sources */ = {isa = PBXBuildFile; fileRef = 1480F1111CB978CE00E79C0A /* CityLocation.swift */; };
		1480F16C1CB978CE00E79C0A /* CityMessage.swift in Sources */ = {isa = PBXBuildFile; fileRef = 1480F1121CB978CE00E79C0A /* CityMessage.swift */; };
		1480F16D1CB978CE00E79C0A /* CityProblem.swift in Sources */ = {isa = PBXBuildFile; fileRef = 1480F1131CB978CE00E79C0A /* CityProblem.swift */; };
		1480F16E1CB978CE00E79C0A /* CitySound.swift in Sources */ = {isa = PBXBuildFile; fileRef = 1480F1141CB978CE00E79C0A /* CitySound.swift */; };
		1480F16F1CB978CE00E79C0A /* CityWorld.swift in Sources */ = {isa = PBXBuildFile; fileRef = 1480F1151CB978CE00E79C0A /* CityWorld.swift */; };
		1480F1701CB978CE00E79C0A /* CoalPowerTileBehavior.swift in Sources */ = {isa = PBXBuildFile; fileRef = 1480F1161CB978CE00E79C0A /* CoalPowerTileBehavior.swift */; };
		1480F1711CB978CE00E79C0A /* CommercialTileBehavior.swift in Sources */ = {isa = PBXBuildFile; fileRef = 1480F1171CB978CE00E79C0A /* CommercialTileBehavior.swift */; };
		1480F1721CB978CE00E79C0A /* DebugOverlay.swift in Sources */ = {isa = PBXBuildFile; fileRef = 1480F1181CB978CE00E79C0A /* DebugOverlay.swift */; };
		1480F1731CB978CE00E79C0A /* Demand.swift in Sources */ = {isa = PBXBuildFile; fileRef = 1480F1191CB978CE00E79C0A /* Demand.swift */; };
		1480F1741CB978CE00E79C0A /* DemandIndicator.swift in Sources */ = {isa = PBXBuildFile; fileRef = 1480F11A1CB978CE00E79C0A /* DemandIndicator.swift */; };
		1480F1751CB978CE00E79C0A /* DifficultyLevel.swift in Sources */ = {isa = PBXBuildFile; fileRef = 1480F11B1CB978CE00E79C0A /* DifficultyLevel.swift */; };
		1480F1761CB978CE00E79C0A /* DisasterEngine.swift in Sources */ = {isa = PBXBuildFile; fileRef = 1480F11C1CB978CE00E79C0A /* DisasterEngine.swift */; };
		1480F1771CB978CE00E79C0A /* Engine.swift in Sources */ = {isa = PBXBuildFile; fileRef = 1480F11D1CB978CE00E79C0A /* Engine.swift */; };
		1480F1781CB978CE00E79C0A /* ExplosionTerrainEffect.swift in Sources */ = {isa = PBXBuildFile; fileRef = 1480F11E1CB978CE00E79C0A /* ExplosionTerrainEffect.swift */; };
		1480F1791CB978CE00E79C0A /* FireStationTileBehavior.swift in Sources */ = {isa = PBXBuildFile; fileRef = 1480F11F1CB978CE00E79C0A /* FireStationTileBehavior.swift */; };
		1480F17A1CB978CE00E79C0A /* FireTerrainBehavior.swift in Sources */ = {isa = PBXBuildFile; fileRef = 1480F1201CB978CE00E79C0A /* FireTerrainBehavior.swift */; };
		1480F17B1CB978CE00E79C0A /* FloodTerrainBehavior.swift in Sources */ = {isa = PBXBuildFile; fileRef = 1480F1211CB978CE00E79C0A /* FloodTerrainBehavior.swift */; };
		1480F17C1CB978CE00E79C0A /* GameScene.sks in Resources */ = {isa = PBXBuildFile; fileRef = 1480F1221CB978CE00E79C0A /* GameScene.sks */; };
		1480F17D1CB978CE00E79C0A /* GameScene.swift in Sources */ = {isa = PBXBuildFile; fileRef = 1480F1231CB978CE00E79C0A /* GameScene.swift */; };
		1480F17E1CB978CE00E79C0A /* GameView.swift in Sources */ = {isa = PBXBuildFile; fileRef = 1480F1241CB978CE00E79C0A /* GameView.swift */; };
		1480F17F1CB978CE00E79C0A /* GameViewController.swift in Sources */ = {isa = PBXBuildFile; fileRef = 1480F1251CB978CE00E79C0A /* GameViewController.swift */; };
		1480F1801CB978CE00E79C0A /* GameWindow.swift in Sources */ = {isa = PBXBuildFile; fileRef = 1480F1261CB978CE00E79C0A /* GameWindow.swift */; };
		1480F1811CB978CE00E79C0A /* GameWindow.xib in Resources */ = {isa = PBXBuildFile; fileRef = 1480F1271CB978CE00E79C0A /* GameWindow.xib */; };
		1480F1821CB978CE00E79C0A /* GUIStrings.strings in Resources */ = {isa = PBXBuildFile; fileRef = 1480F1281CB978CE00E79C0A /* GUIStrings.strings */; };
		1480F1831CB978CE00E79C0A /* HospitalChurchTerrainBehavior.swift in Sources */ = {isa = PBXBuildFile; fileRef = 1480F1291CB978CE00E79C0A /* HospitalChurchTerrainBehavior.swift */; };
		1480F1841CB978CE00E79C0A /* Icons.atlas in Resources */ = {isa = PBXBuildFile; fileRef = 1480F12A1CB978CE00E79C0A /* Icons.atlas */; };
		1480F1851CB978CE00E79C0A /* images.atlas in Resources */ = {isa = PBXBuildFile; fileRef = 1480F12B1CB978CE00E79C0A /* images.atlas */; };
		1480F1861CB978CE00E79C0A /* Images.xcassets in Resources */ = {isa = PBXBuildFile; fileRef = 1480F12C1CB978CE00E79C0A /* Images.xcassets */; };
		1480F1871CB978CE00E79C0A /* IndustrialTileBehavior.swift in Sources */ = {isa = PBXBuildFile; fileRef = 1480F12D1CB978CE00E79C0A /* IndustrialTileBehavior.swift */; };
		1480F1881CB978CE00E79C0A /* Info.plist in Resources */ = {isa = PBXBuildFile; fileRef = 1480F12E1CB978CE00E79C0A /* Info.plist */; };
		1480F1891CB978CE00E79C0A /* MainSceneView.swift in Sources */ = {isa = PBXBuildFile; fileRef = 1480F12F1CB978CE00E79C0A /* MainSceneView.swift */; };
		1480F18A1CB978CE00E79C0A /* Map.swift in Sources */ = {isa = PBXBuildFile; fileRef = 1480F1301CB978CE00E79C0A /* Map.swift */; };
		1480F18B1CB978CE00E79C0A /* MapGenerator.swift in Sources */ = {isa = PBXBuildFile; fileRef = 1480F1311CB978CE00E79C0A /* MapGenerator.swift */; };
		1480F18C1CB978CE00E79C0A /* MonsterSprite.swift in Sources */ = {isa = PBXBuildFile; fileRef = 1480F1321CB978CE00E79C0A /* MonsterSprite.swift */; };
		1480F18D1CB978CE00E79C0A /* NuclearTileBehavior.swift in Sources */ = {isa = PBXBuildFile; fileRef = 1480F1331CB978CE00E79C0A /* NuclearTileBehavior.swift */; };
		1480F18E1CB978CE00E79C0A /* Option_Extensions.swift in Sources */ = {isa = PBXBuildFile; fileRef = 1480F1341CB978CE00E79C0A /* Option_Extensions.swift */; };
		1480F18F1CB978CE00E79C0A /* OverlayMap.swift in Sources */ = {isa = PBXBuildFile; fileRef = 1480F1351CB978CE00E79C0A /* OverlayMap.swift */; };
		1480F1901CB978CE00E79C0A /* PointUtils.swift in Sources */ = {isa = PBXBuildFile; fileRef = 1480F1361CB978CE00E79C0A /* PointUtils.swift */; };
		1480F1911CB978CE00E79C0A /* PoliceStationTileEffect.swift in Sources */ = {isa = PBXBuildFile; fileRef = 1480F1371CB978CE00E79C0A /* PoliceStationTileEffect.swift */; };
		1480F1921CB978CE00E79C0A /* RadioactiveTerrainBehavior.swift in Sources */ = {isa = PBXBuildFile; fileRef = 1480F1381CB978CE00E79C0A /* RadioactiveTerrainBehavior.swift */; };
		1480F1931CB978CE00E79C0A /* RailTerrainBehavior.swift in Sources */ = {isa = PBXBuildFile; fileRef = 1480F1391CB978CE00E79C0A /* RailTerrainBehavior.swift */; };
		1480F1941CB978CE00E79C0A /* ResidentialTileBehavior.swift in Sources */ = {isa = PBXBuildFile; fileRef = 1480F13A1CB978CE00E79C0A /* ResidentialTileBehavior.swift */; };
		1480F1951CB978CE00E79C0A /* resources in Resources */ = {isa = PBXBuildFile; fileRef = 1480F13B1CB978CE00E79C0A /* resources */; };
		1480F1961CB978CE00E79C0A /* RoadLikeTool.swift in Sources */ = {isa = PBXBuildFile; fileRef = 1480F13C1CB978CE00E79C0A /* RoadLikeTool.swift */; };
		1480F1971CB978CE00E79C0A /* RoadTileBehavior.swift in Sources */ = {isa = PBXBuildFile; fileRef = 1480F13D1CB978CE00E79C0A /* RoadTileBehavior.swift */; };
		1480F1981CB978CE00E79C0A /* SeaportTileBehavior.swift in Sources */ = {isa = PBXBuildFile; fileRef = 1480F13E1CB978CE00E79C0A /* SeaportTileBehavior.swift */; };
		1480F1991CB978CE00E79C0A /* Simulation.swift in Sources */ = {isa = PBXBuildFile; fileRef = 1480F13F1CB978CE00E79C0A /* Simulation.swift */; };
		1480F19A1CB978CE00E79C0A /* Smoothers.swift in Sources */ = {isa = PBXBuildFile; fileRef = 1480F1401CB978CE00E79C0A /* Smoothers.swift */; };
		1480F19B1CB978CE00E79C0A /* Speed.swift in Sources */ = {isa = PBXBuildFile; fileRef = 1480F1411CB978CE00E79C0A /* Speed.swift */; };
		1480F19C1CB978CE00E79C0A /* Sprite.swift in Sources */ = {isa = PBXBuildFile; fileRef = 1480F1421CB978CE00E79C0A /* Sprite.swift */; };
		1480F19D1CB978CE00E79C0A /* StadiumTileBehavior.swift in Sources */ = {isa = PBXBuildFile; fileRef = 1480F1431CB978CE00E79C0A /* StadiumTileBehavior.swift */; };
		1480F19E1CB978CE00E79C0A /* Subscriber.swift in Sources */ = {isa = PBXBuildFile; fileRef = 1480F1441CB978CE00E79C0A /* Subscriber.swift */; };
		1480F19F1CB978CE00E79C0A /* Tile.swift in Sources */ = {isa = PBXBuildFile; fileRef = 1480F1451CB978CE00E79C0A /* Tile.swift */; };
		1480F1A01CB978CE00E79C0A /* TileBehavior.swift in Sources */ = {isa = PBXBuildFile; fileRef = 1480F1461CB978CE00E79C0A /* TileBehavior.swift */; };
		1480F1A11CB978CE00E79C0A /* TileConstants.swift in Sources */ = {isa = PBXBuildFile; fileRef = 1480F1471CB978CE00E79C0A /* TileConstants.swift */; };
		1480F1A21CB978CE00E79C0A /* TileImageInfo.swift in Sources */ = {isa = PBXBuildFile; fileRef = 1480F1481CB978CE00E79C0A /* TileImageInfo.swift */; };
		1480F1A31CB978CE00E79C0A /* TileImages.swift in Sources */ = {isa = PBXBuildFile; fileRef = 1480F1491CB978CE00E79C0A /* TileImages.swift */; };
		1480F1A41CB978CE00E79C0A /* TileLoader.swift in Sources */ = {isa = PBXBuildFile; fileRef = 1480F14A1CB978CE00E79C0A /* TileLoader.swift */; };
		1480F1A51CB978CE00E79C0A /* tiles.json in Resources */ = {isa = PBXBuildFile; fileRef = 1480F14B1CB978CE00E79C0A /* tiles.json */; };
		1480F1A61CB978CE00E79C0A /* Tiles.swift in Sources */ = {isa = PBXBuildFile; fileRef = 1480F14C1CB978CE00E79C0A /* Tiles.swift */; };
		1480F1A71CB978CE00E79C0A /* TileTextures.swift in Sources */ = {isa = PBXBuildFile; fileRef = 1480F14D1CB978CE00E79C0A /* TileTextures.swift */; };
		1480F1A81CB978CE00E79C0A /* Tool.swift in Sources */ = {isa = PBXBuildFile; fileRef = 1480F14E1CB978CE00E79C0A /* Tool.swift */; };
		1480F1A91CB978CE00E79C0A /* ToolButton.swift in Sources */ = {isa = PBXBuildFile; fileRef = 1480F14F1CB978CE00E79C0A /* ToolButton.swift */; };
		1480F1AA1CB978CE00E79C0A /* ToolButtonPanel.swift in Sources */ = {isa = PBXBuildFile; fileRef = 1480F1501CB978CE00E79C0A /* ToolButtonPanel.swift */; };
		1480F1AB1CB978CE00E79C0A /* ToolCursor.swift in Sources */ = {isa = PBXBuildFile; fileRef = 1480F1511CB978CE00E79C0A /* ToolCursor.swift */; };
		1480F1AC1CB978CE00E79C0A /* ToolEffect.swift in Sources */ = {isa = PBXBuildFile; fileRef = 1480F1521CB978CE00E79C0A /* ToolEffect.swift */; };
		1480F1AD1CB978CE00E79C0A /* ToolNode.swift in Sources */ = {isa = PBXBuildFile; fileRef = 1480F1531CB978CE00E79C0A /* ToolNode.swift */; };
		1480F1AE1CB978CE00E79C0A /* ToolPreview.swift in Sources */ = {isa = PBXBuildFile; fileRef = 1480F1541CB978CE00E79C0A /* ToolPreview.swift */; };
		1480F1AF1CB978CE00E79C0A /* ToolResult.swift in Sources */ = {isa = PBXBuildFile; fileRef = 1480F1551CB978CE00E79C0A /* ToolResult.swift */; };
		1480F1B01CB978CE00E79C0A /* ToolStroke.swift in Sources */ = {isa = PBXBuildFile; fileRef = 1480F1561CB978CE00E79C0A /* ToolStroke.swift */; };
		1480F1B11CB978CE00E79C0A /* TornadoSprite.swift in Sources */ = {isa = PBXBuildFile; fileRef = 1480F1571CB978CE00E79C0A /* TornadoSprite.swift */; };
		1480F1B21CB978CE00E79C0A /* TrafficGenerator.swift in Sources */ = {isa = PBXBuildFile; fileRef = 1480F1581CB978CE00E79C0A /* TrafficGenerator.swift */; };
		1480F1B31CB978CE00E79C0A /* Utils.swift in Sources */ = {isa = PBXBuildFile; fileRef = 1480F1591CB978CE00E79C0A /* Utils.swift */; };
		1480F1B41CB978CE00E79C0A /* Zone.swift in Sources */ = {isa = PBXBuildFile; fileRef = 1480F15A1CB978CE00E79C0A /* Zone.swift */; };
		5D208C3E67E8D83B6C2A297B /* Pods_Swiftopolis_new.framework in Frameworks */ = {isa = PBXBuildFile; fileRef = 02D83948EABEAC8F6C376923 /* Pods_Swiftopolis_new.framework */; };
/* End PBXBuildFile section */

/* Begin PBXFileReference section */
		02D83948EABEAC8F6C376923 /* Pods_Swiftopolis_new.framework */ = {isa = PBXFileReference; explicitFileType = wrapper.framework; includeInIndex = 0; path = Pods_Swiftopolis_new.framework; sourceTree = BUILT_PRODUCTS_DIR; };
		147DACA81CB9956800EFC2CC /* SwiftyJSON.framework */ = {isa = PBXFileReference; lastKnownFileType = wrapper.framework; name = SwiftyJSON.framework; path = "../../../Library/Developer/Xcode/DerivedData/Swiftopolis-new-cjhvbudylheqshghehikrqircnwf/Build/Products/Debug/SwiftyJSON.framework"; sourceTree = "<group>"; };
		147DACAA1CB9A27100EFC2CC /* AppKit.framework */ = {isa = PBXFileReference; lastKnownFileType = wrapper.framework; name = AppKit.framework; path = System/Library/Frameworks/AppKit.framework; sourceTree = SDKROOT; };
		147DACAC1CB9A27E00EFC2CC /* SwiftyJSON.framework */ = {isa = PBXFileReference; lastKnownFileType = wrapper.framework; name = SwiftyJSON.framework; path = "../../../Library/Developer/Xcode/DerivedData/Swiftopolis-new-cjhvbudylheqshghehikrqircnwf/Build/Products/Debug/SwiftyJSON/SwiftyJSON.framework"; sourceTree = "<group>"; };
		147DACB11CB9AE0800EFC2CC /* tiles_index.json */ = {isa = PBXFileReference; lastKnownFileType = text.json; name = tiles_index.json; path = build/tiles_index.json; sourceTree = "<group>"; };
		147DACB21CB9AE0800EFC2CC /* final-16x16.png */ = {isa = PBXFileReference; lastKnownFileType = image.png; name = "final-16x16.png"; path = "build/final-16x16.png"; sourceTree = "<group>"; };
		147DACB31CB9AE0800EFC2CC /* final-8x8.png */ = {isa = PBXFileReference; lastKnownFileType = image.png; name = "final-8x8.png"; path = "build/final-8x8.png"; sourceTree = "<group>"; };
		147DACB41CB9AE0800EFC2CC /* final-3x3.png */ = {isa = PBXFileReference; lastKnownFileType = image.png; name = "final-3x3.png"; path = "build/final-3x3.png"; sourceTree = "<group>"; };
		1480EF801CB977A900E79C0A /* Swiftopolis-new.app */ = {isa = PBXFileReference; explicitFileType = wrapper.application; includeInIndex = 0; path = "Swiftopolis-new.app"; sourceTree = BUILT_PRODUCTS_DIR; };
		1480F1001CB978C900E79C0A /* Swiftopolis-new-Bridging-Header.h */ = {isa = PBXFileReference; lastKnownFileType = sourcecode.c.h; path = "Swiftopolis-new-Bridging-Header.h"; sourceTree = "<group>"; };
		1480F1011CB978CE00E79C0A /* AbstractToolEffect.swift */ = {isa = PBXFileReference; fileEncoding = 4; lastKnownFileType = sourcecode.swift; path = AbstractToolEffect.swift; sourceTree = "<group>"; };
		1480F1021CB978CE00E79C0A /* AirportTileBehavior.swift */ = {isa = PBXFileReference; fileEncoding = 4; lastKnownFileType = sourcecode.swift; path = AirportTileBehavior.swift; sourceTree = "<group>"; };
		1480F1031CB978CE00E79C0A /* AppDelegate.swift */ = {isa = PBXFileReference; fileEncoding = 4; lastKnownFileType = sourcecode.swift; path = AppDelegate.swift; sourceTree = "<group>"; };
		1480F1041CB978CE00E79C0A /* ArrayExtensions.swift */ = {isa = PBXFileReference; fileEncoding = 4; lastKnownFileType = sourcecode.swift; path = ArrayExtensions.swift; sourceTree = "<group>"; };
		1480F1051CB978CE00E79C0A /* Budget.swift */ = {isa = PBXFileReference; fileEncoding = 4; lastKnownFileType = sourcecode.swift; path = Budget.swift; sourceTree = "<group>"; };
		1480F1061CB978CE00E79C0A /* BuildingTool.swift */ = {isa = PBXFileReference; fileEncoding = 4; lastKnownFileType = sourcecode.swift; path = BuildingTool.swift; sourceTree = "<group>"; };
		1480F1071CB978CE00E79C0A /* BulldozerTool.swift */ = {isa = PBXFileReference; fileEncoding = 4; lastKnownFileType = sourcecode.swift; path = BulldozerTool.swift; sourceTree = "<group>"; };
		1480F1081CB978CE00E79C0A /* CachedTextureAtlas.swift */ = {isa = PBXFileReference; fileEncoding = 4; lastKnownFileType = sourcecode.swift; path = CachedTextureAtlas.swift; sourceTree = "<group>"; };
		1480F1091CB978CE00E79C0A /* Camera.swift */ = {isa = PBXFileReference; fileEncoding = 4; lastKnownFileType = sourcecode.swift; path = Camera.swift; sourceTree = "<group>"; };
		1480F10A1CB978CE00E79C0A /* Census.swift */ = {isa = PBXFileReference; fileEncoding = 4; lastKnownFileType = sourcecode.swift; path = Census.swift; sourceTree = "<group>"; };
		1480F10B1CB978CE00E79C0A /* CGPoint-Extensions.swift */ = {isa = PBXFileReference; fileEncoding = 4; lastKnownFileType = sourcecode.swift; path = "CGPoint-Extensions.swift"; sourceTree = "<group>"; };
		1480F10C1CB978CE00E79C0A /* CGSize-Extensions.swift */ = {isa = PBXFileReference; fileEncoding = 4; lastKnownFileType = sourcecode.swift; path = "CGSize-Extensions.swift"; sourceTree = "<group>"; };
		1480F10D1CB978CE00E79C0A /* City.swift */ = {isa = PBXFileReference; fileEncoding = 4; lastKnownFileType = sourcecode.swift; path = City.swift; sourceTree = "<group>"; };
		1480F10E1CB978CE00E79C0A /* CityDateNode.swift */ = {isa = PBXFileReference; fileEncoding = 4; lastKnownFileType = sourcecode.swift; path = CityDateNode.swift; sourceTree = "<group>"; };
		1480F10F1CB978CE00E79C0A /* CityEvaluation.swift */ = {isa = PBXFileReference; fileEncoding = 4; lastKnownFileType = sourcecode.swift; path = CityEvaluation.swift; sourceTree = "<group>"; };
		1480F1101CB978CE00E79C0A /* CityHistory.swift */ = {isa = PBXFileReference; fileEncoding = 4; lastKnownFileType = sourcecode.swift; path = CityHistory.swift; sourceTree = "<group>"; };
		1480F1111CB978CE00E79C0A /* CityLocation.swift */ = {isa = PBXFileReference; fileEncoding = 4; lastKnownFileType = sourcecode.swift; path = CityLocation.swift; sourceTree = "<group>"; };
		1480F1121CB978CE00E79C0A /* CityMessage.swift */ = {isa = PBXFileReference; fileEncoding = 4; lastKnownFileType = sourcecode.swift; path = CityMessage.swift; sourceTree = "<group>"; };
		1480F1131CB978CE00E79C0A /* CityProblem.swift */ = {isa = PBXFileReference; fileEncoding = 4; lastKnownFileType = sourcecode.swift; path = CityProblem.swift; sourceTree = "<group>"; };
		1480F1141CB978CE00E79C0A /* CitySound.swift */ = {isa = PBXFileReference; fileEncoding = 4; lastKnownFileType = sourcecode.swift; path = CitySound.swift; sourceTree = "<group>"; };
		1480F1151CB978CE00E79C0A /* CityWorld.swift */ = {isa = PBXFileReference; fileEncoding = 4; lastKnownFileType = sourcecode.swift; path = CityWorld.swift; sourceTree = "<group>"; };
		1480F1161CB978CE00E79C0A /* CoalPowerTileBehavior.swift */ = {isa = PBXFileReference; fileEncoding = 4; lastKnownFileType = sourcecode.swift; path = CoalPowerTileBehavior.swift; sourceTree = "<group>"; };
		1480F1171CB978CE00E79C0A /* CommercialTileBehavior.swift */ = {isa = PBXFileReference; fileEncoding = 4; lastKnownFileType = sourcecode.swift; path = CommercialTileBehavior.swift; sourceTree = "<group>"; };
		1480F1181CB978CE00E79C0A /* DebugOverlay.swift */ = {isa = PBXFileReference; fileEncoding = 4; lastKnownFileType = sourcecode.swift; path = DebugOverlay.swift; sourceTree = "<group>"; };
		1480F1191CB978CE00E79C0A /* Demand.swift */ = {isa = PBXFileReference; fileEncoding = 4; lastKnownFileType = sourcecode.swift; path = Demand.swift; sourceTree = "<group>"; };
		1480F11A1CB978CE00E79C0A /* DemandIndicator.swift */ = {isa = PBXFileReference; fileEncoding = 4; lastKnownFileType = sourcecode.swift; path = DemandIndicator.swift; sourceTree = "<group>"; };
		1480F11B1CB978CE00E79C0A /* DifficultyLevel.swift */ = {isa = PBXFileReference; fileEncoding = 4; lastKnownFileType = sourcecode.swift; path = DifficultyLevel.swift; sourceTree = "<group>"; };
		1480F11C1CB978CE00E79C0A /* DisasterEngine.swift */ = {isa = PBXFileReference; fileEncoding = 4; lastKnownFileType = sourcecode.swift; path = DisasterEngine.swift; sourceTree = "<group>"; };
		1480F11D1CB978CE00E79C0A /* Engine.swift */ = {isa = PBXFileReference; fileEncoding = 4; lastKnownFileType = sourcecode.swift; path = Engine.swift; sourceTree = "<group>"; };
		1480F11E1CB978CE00E79C0A /* ExplosionTerrainEffect.swift */ = {isa = PBXFileReference; fileEncoding = 4; lastKnownFileType = sourcecode.swift; path = ExplosionTerrainEffect.swift; sourceTree = "<group>"; };
		1480F11F1CB978CE00E79C0A /* FireStationTileBehavior.swift */ = {isa = PBXFileReference; fileEncoding = 4; lastKnownFileType = sourcecode.swift; path = FireStationTileBehavior.swift; sourceTree = "<group>"; };
		1480F1201CB978CE00E79C0A /* FireTerrainBehavior.swift */ = {isa = PBXFileReference; fileEncoding = 4; lastKnownFileType = sourcecode.swift; path = FireTerrainBehavior.swift; sourceTree = "<group>"; };
		1480F1211CB978CE00E79C0A /* FloodTerrainBehavior.swift */ = {isa = PBXFileReference; fileEncoding = 4; lastKnownFileType = sourcecode.swift; path = FloodTerrainBehavior.swift; sourceTree = "<group>"; };
		1480F1221CB978CE00E79C0A /* GameScene.sks */ = {isa = PBXFileReference; lastKnownFileType = file.sks; path = GameScene.sks; sourceTree = "<group>"; };
		1480F1231CB978CE00E79C0A /* GameScene.swift */ = {isa = PBXFileReference; fileEncoding = 4; lastKnownFileType = sourcecode.swift; path = GameScene.swift; sourceTree = "<group>"; };
		1480F1241CB978CE00E79C0A /* GameView.swift */ = {isa = PBXFileReference; fileEncoding = 4; lastKnownFileType = sourcecode.swift; path = GameView.swift; sourceTree = "<group>"; };
		1480F1251CB978CE00E79C0A /* GameViewController.swift */ = {isa = PBXFileReference; fileEncoding = 4; lastKnownFileType = sourcecode.swift; path = GameViewController.swift; sourceTree = "<group>"; };
		1480F1261CB978CE00E79C0A /* GameWindow.swift */ = {isa = PBXFileReference; fileEncoding = 4; lastKnownFileType = sourcecode.swift; path = GameWindow.swift; sourceTree = "<group>"; };
		1480F1271CB978CE00E79C0A /* GameWindow.xib */ = {isa = PBXFileReference; fileEncoding = 4; lastKnownFileType = file.xib; path = GameWindow.xib; sourceTree = "<group>"; };
		1480F1281CB978CE00E79C0A /* GUIStrings.strings */ = {isa = PBXFileReference; fileEncoding = 4; lastKnownFileType = text.plist.strings; path = GUIStrings.strings; sourceTree = "<group>"; };
		1480F1291CB978CE00E79C0A /* HospitalChurchTerrainBehavior.swift */ = {isa = PBXFileReference; fileEncoding = 4; lastKnownFileType = sourcecode.swift; path = HospitalChurchTerrainBehavior.swift; sourceTree = "<group>"; };
		1480F12A1CB978CE00E79C0A /* Icons.atlas */ = {isa = PBXFileReference; lastKnownFileType = folder.skatlas; path = Icons.atlas; sourceTree = "<group>"; };
		1480F12B1CB978CE00E79C0A /* images.atlas */ = {isa = PBXFileReference; lastKnownFileType = folder.skatlas; path = images.atlas; sourceTree = "<group>"; };
		1480F12C1CB978CE00E79C0A /* Images.xcassets */ = {isa = PBXFileReference; lastKnownFileType = folder.assetcatalog; path = Images.xcassets; sourceTree = "<group>"; };
		1480F12D1CB978CE00E79C0A /* IndustrialTileBehavior.swift */ = {isa = PBXFileReference; fileEncoding = 4; lastKnownFileType = sourcecode.swift; path = IndustrialTileBehavior.swift; sourceTree = "<group>"; };
		1480F12E1CB978CE00E79C0A /* Info.plist */ = {isa = PBXFileReference; fileEncoding = 4; lastKnownFileType = text.plist.xml; path = Info.plist; sourceTree = "<group>"; };
		1480F12F1CB978CE00E79C0A /* MainSceneView.swift */ = {isa = PBXFileReference; fileEncoding = 4; lastKnownFileType = sourcecode.swift; path = MainSceneView.swift; sourceTree = "<group>"; };
		1480F1301CB978CE00E79C0A /* Map.swift */ = {isa = PBXFileReference; fileEncoding = 4; lastKnownFileType = sourcecode.swift; path = Map.swift; sourceTree = "<group>"; };
		1480F1311CB978CE00E79C0A /* MapGenerator.swift */ = {isa = PBXFileReference; fileEncoding = 4; lastKnownFileType = sourcecode.swift; path = MapGenerator.swift; sourceTree = "<group>"; };
		1480F1321CB978CE00E79C0A /* MonsterSprite.swift */ = {isa = PBXFileReference; fileEncoding = 4; lastKnownFileType = sourcecode.swift; path = MonsterSprite.swift; sourceTree = "<group>"; };
		1480F1331CB978CE00E79C0A /* NuclearTileBehavior.swift */ = {isa = PBXFileReference; fileEncoding = 4; lastKnownFileType = sourcecode.swift; path = NuclearTileBehavior.swift; sourceTree = "<group>"; };
		1480F1341CB978CE00E79C0A /* Option_Extensions.swift */ = {isa = PBXFileReference; fileEncoding = 4; lastKnownFileType = sourcecode.swift; path = Option_Extensions.swift; sourceTree = "<group>"; };
		1480F1351CB978CE00E79C0A /* OverlayMap.swift */ = {isa = PBXFileReference; fileEncoding = 4; lastKnownFileType = sourcecode.swift; path = OverlayMap.swift; sourceTree = "<group>"; };
		1480F1361CB978CE00E79C0A /* PointUtils.swift */ = {isa = PBXFileReference; fileEncoding = 4; lastKnownFileType = sourcecode.swift; path = PointUtils.swift; sourceTree = "<group>"; };
		1480F1371CB978CE00E79C0A /* PoliceStationTileEffect.swift */ = {isa = PBXFileReference; fileEncoding = 4; lastKnownFileType = sourcecode.swift; path = PoliceStationTileEffect.swift; sourceTree = "<group>"; };
		1480F1381CB978CE00E79C0A /* RadioactiveTerrainBehavior.swift */ = {isa = PBXFileReference; fileEncoding = 4; lastKnownFileType = sourcecode.swift; path = RadioactiveTerrainBehavior.swift; sourceTree = "<group>"; };
		1480F1391CB978CE00E79C0A /* RailTerrainBehavior.swift */ = {isa = PBXFileReference; fileEncoding = 4; lastKnownFileType = sourcecode.swift; path = RailTerrainBehavior.swift; sourceTree = "<group>"; };
		1480F13A1CB978CE00E79C0A /* ResidentialTileBehavior.swift */ = {isa = PBXFileReference; fileEncoding = 4; lastKnownFileType = sourcecode.swift; path = ResidentialTileBehavior.swift; sourceTree = "<group>"; };
		1480F13B1CB978CE00E79C0A /* resources */ = {isa = PBXFileReference; lastKnownFileType = folder; path = resources; sourceTree = "<group>"; };
		1480F13C1CB978CE00E79C0A /* RoadLikeTool.swift */ = {isa = PBXFileReference; fileEncoding = 4; lastKnownFileType = sourcecode.swift; path = RoadLikeTool.swift; sourceTree = "<group>"; };
		1480F13D1CB978CE00E79C0A /* RoadTileBehavior.swift */ = {isa = PBXFileReference; fileEncoding = 4; lastKnownFileType = sourcecode.swift; path = RoadTileBehavior.swift; sourceTree = "<group>"; };
		1480F13E1CB978CE00E79C0A /* SeaportTileBehavior.swift */ = {isa = PBXFileReference; fileEncoding = 4; lastKnownFileType = sourcecode.swift; path = SeaportTileBehavior.swift; sourceTree = "<group>"; };
		1480F13F1CB978CE00E79C0A /* Simulation.swift */ = {isa = PBXFileReference; fileEncoding = 4; lastKnownFileType = sourcecode.swift; path = Simulation.swift; sourceTree = "<group>"; };
		1480F1401CB978CE00E79C0A /* Smoothers.swift */ = {isa = PBXFileReference; fileEncoding = 4; lastKnownFileType = sourcecode.swift; path = Smoothers.swift; sourceTree = "<group>"; };
		1480F1411CB978CE00E79C0A /* Speed.swift */ = {isa = PBXFileReference; fileEncoding = 4; lastKnownFileType = sourcecode.swift; path = Speed.swift; sourceTree = "<group>"; };
		1480F1421CB978CE00E79C0A /* Sprite.swift */ = {isa = PBXFileReference; fileEncoding = 4; lastKnownFileType = sourcecode.swift; path = Sprite.swift; sourceTree = "<group>"; };
		1480F1431CB978CE00E79C0A /* StadiumTileBehavior.swift */ = {isa = PBXFileReference; fileEncoding = 4; lastKnownFileType = sourcecode.swift; path = StadiumTileBehavior.swift; sourceTree = "<group>"; };
		1480F1441CB978CE00E79C0A /* Subscriber.swift */ = {isa = PBXFileReference; fileEncoding = 4; lastKnownFileType = sourcecode.swift; path = Subscriber.swift; sourceTree = "<group>"; };
		1480F1451CB978CE00E79C0A /* Tile.swift */ = {isa = PBXFileReference; fileEncoding = 4; lastKnownFileType = sourcecode.swift; path = Tile.swift; sourceTree = "<group>"; };
		1480F1461CB978CE00E79C0A /* TileBehavior.swift */ = {isa = PBXFileReference; fileEncoding = 4; lastKnownFileType = sourcecode.swift; path = TileBehavior.swift; sourceTree = "<group>"; };
		1480F1471CB978CE00E79C0A /* TileConstants.swift */ = {isa = PBXFileReference; fileEncoding = 4; lastKnownFileType = sourcecode.swift; path = TileConstants.swift; sourceTree = "<group>"; };
		1480F1481CB978CE00E79C0A /* TileImageInfo.swift */ = {isa = PBXFileReference; fileEncoding = 4; lastKnownFileType = sourcecode.swift; path = TileImageInfo.swift; sourceTree = "<group>"; };
		1480F1491CB978CE00E79C0A /* TileImages.swift */ = {isa = PBXFileReference; fileEncoding = 4; lastKnownFileType = sourcecode.swift; path = TileImages.swift; sourceTree = "<group>"; };
		1480F14A1CB978CE00E79C0A /* TileLoader.swift */ = {isa = PBXFileReference; fileEncoding = 4; lastKnownFileType = sourcecode.swift; path = TileLoader.swift; sourceTree = "<group>"; };
		1480F14B1CB978CE00E79C0A /* tiles.json */ = {isa = PBXFileReference; fileEncoding = 4; lastKnownFileType = text.json; path = tiles.json; sourceTree = "<group>"; };
		1480F14C1CB978CE00E79C0A /* Tiles.swift */ = {isa = PBXFileReference; fileEncoding = 4; lastKnownFileType = sourcecode.swift; path = Tiles.swift; sourceTree = "<group>"; };
		1480F14D1CB978CE00E79C0A /* TileTextures.swift */ = {isa = PBXFileReference; fileEncoding = 4; lastKnownFileType = sourcecode.swift; path = TileTextures.swift; sourceTree = "<group>"; };
		1480F14E1CB978CE00E79C0A /* Tool.swift */ = {isa = PBXFileReference; fileEncoding = 4; lastKnownFileType = sourcecode.swift; path = Tool.swift; sourceTree = "<group>"; };
		1480F14F1CB978CE00E79C0A /* ToolButton.swift */ = {isa = PBXFileReference; fileEncoding = 4; lastKnownFileType = sourcecode.swift; path = ToolButton.swift; sourceTree = "<group>"; };
		1480F1501CB978CE00E79C0A /* ToolButtonPanel.swift */ = {isa = PBXFileReference; fileEncoding = 4; lastKnownFileType = sourcecode.swift; path = ToolButtonPanel.swift; sourceTree = "<group>"; };
		1480F1511CB978CE00E79C0A /* ToolCursor.swift */ = {isa = PBXFileReference; fileEncoding = 4; lastKnownFileType = sourcecode.swift; path = ToolCursor.swift; sourceTree = "<group>"; };
		1480F1521CB978CE00E79C0A /* ToolEffect.swift */ = {isa = PBXFileReference; fileEncoding = 4; lastKnownFileType = sourcecode.swift; path = ToolEffect.swift; sourceTree = "<group>"; };
		1480F1531CB978CE00E79C0A /* ToolNode.swift */ = {isa = PBXFileReference; fileEncoding = 4; lastKnownFileType = sourcecode.swift; path = ToolNode.swift; sourceTree = "<group>"; };
		1480F1541CB978CE00E79C0A /* ToolPreview.swift */ = {isa = PBXFileReference; fileEncoding = 4; lastKnownFileType = sourcecode.swift; path = ToolPreview.swift; sourceTree = "<group>"; };
		1480F1551CB978CE00E79C0A /* ToolResult.swift */ = {isa = PBXFileReference; fileEncoding = 4; lastKnownFileType = sourcecode.swift; path = ToolResult.swift; sourceTree = "<group>"; };
		1480F1561CB978CE00E79C0A /* ToolStroke.swift */ = {isa = PBXFileReference; fileEncoding = 4; lastKnownFileType = sourcecode.swift; path = ToolStroke.swift; sourceTree = "<group>"; };
		1480F1571CB978CE00E79C0A /* TornadoSprite.swift */ = {isa = PBXFileReference; fileEncoding = 4; lastKnownFileType = sourcecode.swift; path = TornadoSprite.swift; sourceTree = "<group>"; };
		1480F1581CB978CE00E79C0A /* TrafficGenerator.swift */ = {isa = PBXFileReference; fileEncoding = 4; lastKnownFileType = sourcecode.swift; path = TrafficGenerator.swift; sourceTree = "<group>"; };
		1480F1591CB978CE00E79C0A /* Utils.swift */ = {isa = PBXFileReference; fileEncoding = 4; lastKnownFileType = sourcecode.swift; path = Utils.swift; sourceTree = "<group>"; };
		1480F15A1CB978CE00E79C0A /* Zone.swift */ = {isa = PBXFileReference; fileEncoding = 4; lastKnownFileType = sourcecode.swift; path = Zone.swift; sourceTree = "<group>"; };
		14F788CB1CB98D5E00803DC0 /* graphics */ = {isa = PBXFileReference; lastKnownFileType = folder; path = graphics; sourceTree = "<group>"; };
		14F788CC1CB98D5E00803DC0 /* resources */ = {isa = PBXFileReference; lastKnownFileType = folder; path = resources; sourceTree = "<group>"; };
		8447201133A38A26BA95A9AD /* Pods-Swiftopolis-new.debug.xcconfig */ = {isa = PBXFileReference; includeInIndex = 1; lastKnownFileType = text.xcconfig; name = "Pods-Swiftopolis-new.debug.xcconfig"; path = "Pods/Target Support Files/Pods-Swiftopolis-new/Pods-Swiftopolis-new.debug.xcconfig"; sourceTree = "<group>"; };
		BDCDDFD1A9417D0698950F37 /* Pods-Swiftopolis-new.release.xcconfig */ = {isa = PBXFileReference; includeInIndex = 1; lastKnownFileType = text.xcconfig; name = "Pods-Swiftopolis-new.release.xcconfig"; path = "Pods/Target Support Files/Pods-Swiftopolis-new/Pods-Swiftopolis-new.release.xcconfig"; sourceTree = "<group>"; };
/* End PBXFileReference section */

/* Begin PBXFrameworksBuildPhase section */
		1480EF7D1CB977A900E79C0A /* Frameworks */ = {
			isa = PBXFrameworksBuildPhase;
			buildActionMask = 2147483647;
			files = (
				5D208C3E67E8D83B6C2A297B /* Pods_Swiftopolis_new.framework in Frameworks */,
			);
			runOnlyForDeploymentPostprocessing = 0;
		};
/* End PBXFrameworksBuildPhase section */

/* Begin PBXGroup section */
		1480EF771CB977A900E79C0A = {
			isa = PBXGroup;
			children = (
				147DACB11CB9AE0800EFC2CC /* tiles_index.json */,
				147DACB21CB9AE0800EFC2CC /* final-16x16.png */,
				147DACB31CB9AE0800EFC2CC /* final-8x8.png */,
				147DACB41CB9AE0800EFC2CC /* final-3x3.png */,
				14F788CB1CB98D5E00803DC0 /* graphics */,
				14F788CC1CB98D5E00803DC0 /* resources */,
				1480EF821CB977A900E79C0A /* Swiftopolis-new */,
				1480EF811CB977A900E79C0A /* Products */,
				55A9821371AE463950F93FB8 /* Frameworks */,
				6CC33D8DED19087FF8ABDD5F /* Pods */,
			);
			sourceTree = "<group>";
		};
		1480EF811CB977A900E79C0A /* Products */ = {
			isa = PBXGroup;
			children = (
				1480EF801CB977A900E79C0A /* Swiftopolis-new.app */,
			);
			name = Products;
			sourceTree = "<group>";
		};
		1480EF821CB977A900E79C0A /* Swiftopolis-new */ = {
			isa = PBXGroup;
			children = (
				1480F1011CB978CE00E79C0A /* AbstractToolEffect.swift */,
				1480F1021CB978CE00E79C0A /* AirportTileBehavior.swift */,
				1480F1031CB978CE00E79C0A /* AppDelegate.swift */,
				1480F1041CB978CE00E79C0A /* ArrayExtensions.swift */,
				1480F1051CB978CE00E79C0A /* Budget.swift */,
				1480F1061CB978CE00E79C0A /* BuildingTool.swift */,
				1480F1071CB978CE00E79C0A /* BulldozerTool.swift */,
				1480F1081CB978CE00E79C0A /* CachedTextureAtlas.swift */,
				1480F1091CB978CE00E79C0A /* Camera.swift */,
				1480F10A1CB978CE00E79C0A /* Census.swift */,
				1480F10B1CB978CE00E79C0A /* CGPoint-Extensions.swift */,
				1480F10C1CB978CE00E79C0A /* CGSize-Extensions.swift */,
				1480F10D1CB978CE00E79C0A /* City.swift */,
				1480F10E1CB978CE00E79C0A /* CityDateNode.swift */,
				1480F10F1CB978CE00E79C0A /* CityEvaluation.swift */,
				1480F1101CB978CE00E79C0A /* CityHistory.swift */,
				1480F1111CB978CE00E79C0A /* CityLocation.swift */,
				1480F1121CB978CE00E79C0A /* CityMessage.swift */,
				1480F1131CB978CE00E79C0A /* CityProblem.swift */,
				1480F1141CB978CE00E79C0A /* CitySound.swift */,
				1480F1151CB978CE00E79C0A /* CityWorld.swift */,
				1480F1161CB978CE00E79C0A /* CoalPowerTileBehavior.swift */,
				1480F1171CB978CE00E79C0A /* CommercialTileBehavior.swift */,
				1480F1181CB978CE00E79C0A /* DebugOverlay.swift */,
				1480F1191CB978CE00E79C0A /* Demand.swift */,
				1480F11A1CB978CE00E79C0A /* DemandIndicator.swift */,
				1480F11B1CB978CE00E79C0A /* DifficultyLevel.swift */,
				1480F11C1CB978CE00E79C0A /* DisasterEngine.swift */,
				1480F11D1CB978CE00E79C0A /* Engine.swift */,
				1480F11E1CB978CE00E79C0A /* ExplosionTerrainEffect.swift */,
				1480F11F1CB978CE00E79C0A /* FireStationTileBehavior.swift */,
				1480F1201CB978CE00E79C0A /* FireTerrainBehavior.swift */,
				1480F1211CB978CE00E79C0A /* FloodTerrainBehavior.swift */,
				1480F1221CB978CE00E79C0A /* GameScene.sks */,
				1480F1231CB978CE00E79C0A /* GameScene.swift */,
				1480F1241CB978CE00E79C0A /* GameView.swift */,
				1480F1251CB978CE00E79C0A /* GameViewController.swift */,
				1480F1261CB978CE00E79C0A /* GameWindow.swift */,
				1480F1271CB978CE00E79C0A /* GameWindow.xib */,
				1480F1281CB978CE00E79C0A /* GUIStrings.strings */,
				1480F1291CB978CE00E79C0A /* HospitalChurchTerrainBehavior.swift */,
				1480F12A1CB978CE00E79C0A /* Icons.atlas */,
				1480F12B1CB978CE00E79C0A /* images.atlas */,
				1480F12C1CB978CE00E79C0A /* Images.xcassets */,
				1480F12D1CB978CE00E79C0A /* IndustrialTileBehavior.swift */,
				1480F12E1CB978CE00E79C0A /* Info.plist */,
				1480F12F1CB978CE00E79C0A /* MainSceneView.swift */,
				1480F1301CB978CE00E79C0A /* Map.swift */,
				1480F1311CB978CE00E79C0A /* MapGenerator.swift */,
				1480F1321CB978CE00E79C0A /* MonsterSprite.swift */,
				1480F1331CB978CE00E79C0A /* NuclearTileBehavior.swift */,
				1480F1341CB978CE00E79C0A /* Option_Extensions.swift */,
				1480F1351CB978CE00E79C0A /* OverlayMap.swift */,
				1480F1361CB978CE00E79C0A /* PointUtils.swift */,
				1480F1371CB978CE00E79C0A /* PoliceStationTileEffect.swift */,
				1480F1381CB978CE00E79C0A /* RadioactiveTerrainBehavior.swift */,
				1480F1391CB978CE00E79C0A /* RailTerrainBehavior.swift */,
				1480F13A1CB978CE00E79C0A /* ResidentialTileBehavior.swift */,
				1480F13B1CB978CE00E79C0A /* resources */,
				1480F13C1CB978CE00E79C0A /* RoadLikeTool.swift */,
				1480F13D1CB978CE00E79C0A /* RoadTileBehavior.swift */,
				1480F13E1CB978CE00E79C0A /* SeaportTileBehavior.swift */,
				1480F13F1CB978CE00E79C0A /* Simulation.swift */,
				1480F1401CB978CE00E79C0A /* Smoothers.swift */,
				1480F1411CB978CE00E79C0A /* Speed.swift */,
				1480F1421CB978CE00E79C0A /* Sprite.swift */,
				1480F1431CB978CE00E79C0A /* StadiumTileBehavior.swift */,
				1480F1441CB978CE00E79C0A /* Subscriber.swift */,
				1480F1451CB978CE00E79C0A /* Tile.swift */,
				1480F1461CB978CE00E79C0A /* TileBehavior.swift */,
				1480F1471CB978CE00E79C0A /* TileConstants.swift */,
				1480F1481CB978CE00E79C0A /* TileImageInfo.swift */,
				1480F1491CB978CE00E79C0A /* TileImages.swift */,
				1480F14A1CB978CE00E79C0A /* TileLoader.swift */,
				1480F14B1CB978CE00E79C0A /* tiles.json */,
				1480F14C1CB978CE00E79C0A /* Tiles.swift */,
				1480F14D1CB978CE00E79C0A /* TileTextures.swift */,
				1480F14E1CB978CE00E79C0A /* Tool.swift */,
				1480F14F1CB978CE00E79C0A /* ToolButton.swift */,
				1480F1501CB978CE00E79C0A /* ToolButtonPanel.swift */,
				1480F1511CB978CE00E79C0A /* ToolCursor.swift */,
				1480F1521CB978CE00E79C0A /* ToolEffect.swift */,
				1480F1531CB978CE00E79C0A /* ToolNode.swift */,
				1480F1541CB978CE00E79C0A /* ToolPreview.swift */,
				1480F1551CB978CE00E79C0A /* ToolResult.swift */,
				1480F1561CB978CE00E79C0A /* ToolStroke.swift */,
				1480F1571CB978CE00E79C0A /* TornadoSprite.swift */,
				1480F1581CB978CE00E79C0A /* TrafficGenerator.swift */,
				1480F1591CB978CE00E79C0A /* Utils.swift */,
				1480F15A1CB978CE00E79C0A /* Zone.swift */,
				1480F1001CB978C900E79C0A /* Swiftopolis-new-Bridging-Header.h */,
			);
			path = "Swiftopolis-new";
			sourceTree = "<group>";
		};
		55A9821371AE463950F93FB8 /* Frameworks */ = {
			isa = PBXGroup;
			children = (
				147DACAC1CB9A27E00EFC2CC /* SwiftyJSON.framework */,
				147DACAA1CB9A27100EFC2CC /* AppKit.framework */,
				147DACA81CB9956800EFC2CC /* SwiftyJSON.framework */,
				02D83948EABEAC8F6C376923 /* Pods_Swiftopolis_new.framework */,
			);
			name = Frameworks;
			sourceTree = "<group>";
		};
		6CC33D8DED19087FF8ABDD5F /* Pods */ = {
			isa = PBXGroup;
			children = (
				8447201133A38A26BA95A9AD /* Pods-Swiftopolis-new.debug.xcconfig */,
				BDCDDFD1A9417D0698950F37 /* Pods-Swiftopolis-new.release.xcconfig */,
			);
			name = Pods;
			sourceTree = "<group>";
		};
/* End PBXGroup section */

/* Begin PBXNativeTarget section */
		1480EF7F1CB977A900E79C0A /* Swiftopolis-new */ = {
			isa = PBXNativeTarget;
			buildConfigurationList = 1480EF911CB977A900E79C0A /* Build configuration list for PBXNativeTarget "Swiftopolis-new" */;
			buildPhases = (
				5F39033316D5E0B848AE254B /* Check Pods Manifest.lock */,
				1480EF7C1CB977A900E79C0A /* Sources */,
				1480EF7D1CB977A900E79C0A /* Frameworks */,
				1480EF7E1CB977A900E79C0A /* Resources */,
				715E678016FA7F88476A74F9 /* Embed Pods Frameworks */,
				514EFF4ABE37C78ACB659F7C /* Copy Pods Resources */,
			);
			buildRules = (
			);
			dependencies = (
			);
			name = "Swiftopolis-new";
			productName = "Swiftopolis-new";
			productReference = 1480EF801CB977A900E79C0A /* Swiftopolis-new.app */;
			productType = "com.apple.product-type.application";
		};
/* End PBXNativeTarget section */

/* Begin PBXProject section */
		1480EF781CB977A900E79C0A /* Project object */ = {
			isa = PBXProject;
			attributes = {
				LastSwiftUpdateCheck = 0730;
				LastUpgradeCheck = 0730;
				ORGANIZATIONNAME = "Christian Benincasa";
				TargetAttributes = {
					1480EF7F1CB977A900E79C0A = {
						CreatedOnToolsVersion = 7.3;
					};
				};
			};
			buildConfigurationList = 1480EF7B1CB977A900E79C0A /* Build configuration list for PBXProject "Swiftopolis" */;
			compatibilityVersion = "Xcode 3.2";
			developmentRegion = English;
			hasScannedForEncodings = 0;
			knownRegions = (
				en,
				Base,
			);
			mainGroup = 1480EF771CB977A900E79C0A;
			productRefGroup = 1480EF811CB977A900E79C0A /* Products */;
			projectDirPath = "";
			projectRoot = "";
			targets = (
				1480EF7F1CB977A900E79C0A /* Swiftopolis-new */,
			);
		};
/* End PBXProject section */

/* Begin PBXResourcesBuildPhase section */
		1480EF7E1CB977A900E79C0A /* Resources */ = {
			isa = PBXResourcesBuildPhase;
			buildActionMask = 2147483647;
			files = (
				147DACB51CB9AE0800EFC2CC /* tiles_index.json in Resources */,
				147DACB61CB9AE0800EFC2CC /* final-16x16.png in Resources */,
				147DACB71CB9AE0800EFC2CC /* final-8x8.png in Resources */,
				147DACB81CB9AE0800EFC2CC /* final-3x3.png in Resources */,
				1480F1821CB978CE00E79C0A /* GUIStrings.strings in Resources */,
				1480F17C1CB978CE00E79C0A /* GameScene.sks in Resources */,
				1480F1851CB978CE00E79C0A /* images.atlas in Resources */,
				1480F1861CB978CE00E79C0A /* Images.xcassets in Resources */,
				1480F1951CB978CE00E79C0A /* resources in Resources */,
				1480F1841CB978CE00E79C0A /* Icons.atlas in Resources */,
				1480F1A51CB978CE00E79C0A /* tiles.json in Resources */,
				1480F1811CB978CE00E79C0A /* GameWindow.xib in Resources */,
				1480F1881CB978CE00E79C0A /* Info.plist in Resources */,
			);
			runOnlyForDeploymentPostprocessing = 0;
		};
/* End PBXResourcesBuildPhase section */

/* Begin PBXShellScriptBuildPhase section */
		514EFF4ABE37C78ACB659F7C /* Copy Pods Resources */ = {
			isa = PBXShellScriptBuildPhase;
			buildActionMask = 2147483647;
			files = (
			);
			inputPaths = (
			);
			name = "Copy Pods Resources";
			outputPaths = (
			);
			runOnlyForDeploymentPostprocessing = 0;
			shellPath = /bin/sh;
			shellScript = "\"${SRCROOT}/Pods/Target Support Files/Pods-Swiftopolis-new/Pods-Swiftopolis-new-resources.sh\"\n";
			showEnvVarsInLog = 0;
		};
		5F39033316D5E0B848AE254B /* Check Pods Manifest.lock */ = {
			isa = PBXShellScriptBuildPhase;
			buildActionMask = 2147483647;
			files = (
			);
			inputPaths = (
			);
			name = "Check Pods Manifest.lock";
			outputPaths = (
			);
			runOnlyForDeploymentPostprocessing = 0;
			shellPath = /bin/sh;
			shellScript = "diff \"${PODS_ROOT}/../Podfile.lock\" \"${PODS_ROOT}/Manifest.lock\" > /dev/null\nif [[ $? != 0 ]] ; then\n    cat << EOM\nerror: The sandbox is not in sync with the Podfile.lock. Run 'pod install' or update your CocoaPods installation.\nEOM\n    exit 1\nfi\n";
			showEnvVarsInLog = 0;
		};
		715E678016FA7F88476A74F9 /* Embed Pods Frameworks */ = {
			isa = PBXShellScriptBuildPhase;
			buildActionMask = 2147483647;
			files = (
			);
			inputPaths = (
			);
			name = "Embed Pods Frameworks";
			outputPaths = (
			);
			runOnlyForDeploymentPostprocessing = 0;
			shellPath = /bin/sh;
			shellScript = "\"${SRCROOT}/Pods/Target Support Files/Pods-Swiftopolis-new/Pods-Swiftopolis-new-frameworks.sh\"\n";
			showEnvVarsInLog = 0;
		};
/* End PBXShellScriptBuildPhase section */

/* Begin PBXSourcesBuildPhase section */
		1480EF7C1CB977A900E79C0A /* Sources */ = {
			isa = PBXSourcesBuildPhase;
			buildActionMask = 2147483647;
			files = (
				1480F1AF1CB978CE00E79C0A /* ToolResult.swift in Sources */,
				1480F1981CB978CE00E79C0A /* SeaportTileBehavior.swift in Sources */,
				1480F1661CB978CE00E79C0A /* CGSize-Extensions.swift in Sources */,
				1480F1991CB978CE00E79C0A /* Simulation.swift in Sources */,
				1480F1921CB978CE00E79C0A /* RadioactiveTerrainBehavior.swift in Sources */,
				1480F15D1CB978CE00E79C0A /* AppDelegate.swift in Sources */,
				1480F1771CB978CE00E79C0A /* Engine.swift in Sources */,
				1480F19C1CB978CE00E79C0A /* Sprite.swift in Sources */,
				1480F1B21CB978CE00E79C0A /* TrafficGenerator.swift in Sources */,
				1480F1AB1CB978CE00E79C0A /* ToolCursor.swift in Sources */,
				1480F1971CB978CE00E79C0A /* RoadTileBehavior.swift in Sources */,
				1480F1681CB978CE00E79C0A /* CityDateNode.swift in Sources */,
				1480F1931CB978CE00E79C0A /* RailTerrainBehavior.swift in Sources */,
				1480F17F1CB978CE00E79C0A /* GameViewController.swift in Sources */,
				1480F1941CB978CE00E79C0A /* ResidentialTileBehavior.swift in Sources */,
				1480F1A61CB978CE00E79C0A /* Tiles.swift in Sources */,
				1480F1621CB978CE00E79C0A /* CachedTextureAtlas.swift in Sources */,
				1480F1641CB978CE00E79C0A /* Census.swift in Sources */,
				1480F1A81CB978CE00E79C0A /* Tool.swift in Sources */,
				1480F15B1CB978CE00E79C0A /* AbstractToolEffect.swift in Sources */,
				1480F18C1CB978CE00E79C0A /* MonsterSprite.swift in Sources */,
				1480F18B1CB978CE00E79C0A /* MapGenerator.swift in Sources */,
				1480F1AE1CB978CE00E79C0A /* ToolPreview.swift in Sources */,
				1480F1791CB978CE00E79C0A /* FireStationTileBehavior.swift in Sources */,
				1480F1721CB978CE00E79C0A /* DebugOverlay.swift in Sources */,
				1480F15F1CB978CE00E79C0A /* Budget.swift in Sources */,
				1480F16F1CB978CE00E79C0A /* CityWorld.swift in Sources */,
				1480F1831CB978CE00E79C0A /* HospitalChurchTerrainBehavior.swift in Sources */,
				1480F16B1CB978CE00E79C0A /* CityLocation.swift in Sources */,
				1480F16E1CB978CE00E79C0A /* CitySound.swift in Sources */,
				1480F16D1CB978CE00E79C0A /* CityProblem.swift in Sources */,
				1480F1871CB978CE00E79C0A /* IndustrialTileBehavior.swift in Sources */,
				1480F1AD1CB978CE00E79C0A /* ToolNode.swift in Sources */,
				1480F1751CB978CE00E79C0A /* DifficultyLevel.swift in Sources */,
				1480F19E1CB978CE00E79C0A /* Subscriber.swift in Sources */,
				1480F16C1CB978CE00E79C0A /* CityMessage.swift in Sources */,
				1480F1A01CB978CE00E79C0A /* TileBehavior.swift in Sources */,
				1480F16A1CB978CE00E79C0A /* CityHistory.swift in Sources */,
				1480F18A1CB978CE00E79C0A /* Map.swift in Sources */,
				1480F1B01CB978CE00E79C0A /* ToolStroke.swift in Sources */,
				1480F1AC1CB978CE00E79C0A /* ToolEffect.swift in Sources */,
				1480F1961CB978CE00E79C0A /* RoadLikeTool.swift in Sources */,
				1480F1A91CB978CE00E79C0A /* ToolButton.swift in Sources */,
				1480F1601CB978CE00E79C0A /* BuildingTool.swift in Sources */,
				1480F17B1CB978CE00E79C0A /* FloodTerrainBehavior.swift in Sources */,
				1480F1B11CB978CE00E79C0A /* TornadoSprite.swift in Sources */,
				1480F1761CB978CE00E79C0A /* DisasterEngine.swift in Sources */,
				1480F1701CB978CE00E79C0A /* CoalPowerTileBehavior.swift in Sources */,
				1480F1731CB978CE00E79C0A /* Demand.swift in Sources */,
				1480F19F1CB978CE00E79C0A /* Tile.swift in Sources */,
				1480F18D1CB978CE00E79C0A /* NuclearTileBehavior.swift in Sources */,
				1480F1781CB978CE00E79C0A /* ExplosionTerrainEffect.swift in Sources */,
				1480F1651CB978CE00E79C0A /* CGPoint-Extensions.swift in Sources */,
				1480F18F1CB978CE00E79C0A /* OverlayMap.swift in Sources */,
				1480F1A21CB978CE00E79C0A /* TileImageInfo.swift in Sources */,
				1480F1B31CB978CE00E79C0A /* Utils.swift in Sources */,
				1480F1901CB978CE00E79C0A /* PointUtils.swift in Sources */,
				1480F1911CB978CE00E79C0A /* PoliceStationTileEffect.swift in Sources */,
				1480F1611CB978CE00E79C0A /* BulldozerTool.swift in Sources */,
				1480F18E1CB978CE00E79C0A /* Option_Extensions.swift in Sources */,
				1480F1A31CB978CE00E79C0A /* TileImages.swift in Sources */,
				1480F1891CB978CE00E79C0A /* MainSceneView.swift in Sources */,
				1480F15C1CB978CE00E79C0A /* AirportTileBehavior.swift in Sources */,
				1480F19B1CB978CE00E79C0A /* Speed.swift in Sources */,
				1480F15E1CB978CE00E79C0A /* ArrayExtensions.swift in Sources */,
				1480F19A1CB978CE00E79C0A /* Smoothers.swift in Sources */,
				1480F1A71CB978CE00E79C0A /* TileTextures.swift in Sources */,
				1480F1A41CB978CE00E79C0A /* TileLoader.swift in Sources */,
				1480F19D1CB978CE00E79C0A /* StadiumTileBehavior.swift in Sources */,
				1480F1671CB978CE00E79C0A /* City.swift in Sources */,
				1480F17D1CB978CE00E79C0A /* GameScene.swift in Sources */,
				1480F1801CB978CE00E79C0A /* GameWindow.swift in Sources */,
				1480F1711CB978CE00E79C0A /* CommercialTileBehavior.swift in Sources */,
				1480F1691CB978CE00E79C0A /* CityEvaluation.swift in Sources */,
				1480F1AA1CB978CE00E79C0A /* ToolButtonPanel.swift in Sources */,
				1480F1A11CB978CE00E79C0A /* TileConstants.swift in Sources */,
				1480F1741CB978CE00E79C0A /* DemandIndicator.swift in Sources */,
				1480F1B41CB978CE00E79C0A /* Zone.swift in Sources */,
				1480F1631CB978CE00E79C0A /* Camera.swift in Sources */,
				1480F17A1CB978CE00E79C0A /* FireTerrainBehavior.swift in Sources */,
				1480F17E1CB978CE00E79C0A /* GameView.swift in Sources */,
			);
			runOnlyForDeploymentPostprocessing = 0;
		};
/* End PBXSourcesBuildPhase section */

/* Begin XCBuildConfiguration section */
		1480EF8F1CB977A900E79C0A /* Debug */ = {
			isa = XCBuildConfiguration;
			buildSettings = {
				ALWAYS_SEARCH_USER_PATHS = NO;
				CLANG_ANALYZER_NONNULL = YES;
				CLANG_CXX_LANGUAGE_STANDARD = "gnu++0x";
				CLANG_CXX_LIBRARY = "libc++";
				CLANG_ENABLE_MODULES = YES;
				CLANG_ENABLE_OBJC_ARC = YES;
				CLANG_WARN_BOOL_CONVERSION = YES;
				CLANG_WARN_CONSTANT_CONVERSION = YES;
				CLANG_WARN_DIRECT_OBJC_ISA_USAGE = YES_ERROR;
				CLANG_WARN_EMPTY_BODY = YES;
				CLANG_WARN_ENUM_CONVERSION = YES;
				CLANG_WARN_INT_CONVERSION = YES;
				CLANG_WARN_OBJC_ROOT_CLASS = YES_ERROR;
				CLANG_WARN_UNREACHABLE_CODE = YES;
				CLANG_WARN__DUPLICATE_METHOD_MATCH = YES;
				CODE_SIGN_IDENTITY = "-";
				COPY_PHASE_STRIP = NO;
				DEBUG_INFORMATION_FORMAT = "dwarf-with-dsym";
				ENABLE_STRICT_OBJC_MSGSEND = YES;
				ENABLE_TESTABILITY = YES;
				GCC_C_LANGUAGE_STANDARD = gnu99;
				GCC_DYNAMIC_NO_PIC = NO;
				GCC_NO_COMMON_BLOCKS = YES;
				GCC_OPTIMIZATION_LEVEL = 0;
				GCC_PREPROCESSOR_DEFINITIONS = (
					"DEBUG=1",
					"$(inherited)",
				);
				GCC_WARN_64_TO_32_BIT_CONVERSION = YES;
				GCC_WARN_ABOUT_RETURN_TYPE = YES_ERROR;
				GCC_WARN_UNDECLARED_SELECTOR = YES;
				GCC_WARN_UNINITIALIZED_AUTOS = YES_AGGRESSIVE;
				GCC_WARN_UNUSED_FUNCTION = YES;
				GCC_WARN_UNUSED_VARIABLE = YES;
				MACOSX_DEPLOYMENT_TARGET = 10.11;
				MTL_ENABLE_DEBUG_INFO = YES;
				ONLY_ACTIVE_ARCH = YES;
				SDKROOT = macosx;
				SWIFT_OPTIMIZATION_LEVEL = "-Onone";
			};
			name = Debug;
		};
		1480EF901CB977A900E79C0A /* Release */ = {
			isa = XCBuildConfiguration;
			buildSettings = {
				ALWAYS_SEARCH_USER_PATHS = NO;
				CLANG_ANALYZER_NONNULL = YES;
				CLANG_CXX_LANGUAGE_STANDARD = "gnu++0x";
				CLANG_CXX_LIBRARY = "libc++";
				CLANG_ENABLE_MODULES = YES;
				CLANG_ENABLE_OBJC_ARC = YES;
				CLANG_WARN_BOOL_CONVERSION = YES;
				CLANG_WARN_CONSTANT_CONVERSION = YES;
				CLANG_WARN_DIRECT_OBJC_ISA_USAGE = YES_ERROR;
				CLANG_WARN_EMPTY_BODY = YES;
				CLANG_WARN_ENUM_CONVERSION = YES;
				CLANG_WARN_INT_CONVERSION = YES;
				CLANG_WARN_OBJC_ROOT_CLASS = YES_ERROR;
				CLANG_WARN_UNREACHABLE_CODE = YES;
				CLANG_WARN__DUPLICATE_METHOD_MATCH = YES;
				CODE_SIGN_IDENTITY = "-";
				COPY_PHASE_STRIP = NO;
				DEBUG_INFORMATION_FORMAT = "dwarf-with-dsym";
				ENABLE_NS_ASSERTIONS = NO;
				ENABLE_STRICT_OBJC_MSGSEND = YES;
				GCC_C_LANGUAGE_STANDARD = gnu99;
				GCC_NO_COMMON_BLOCKS = YES;
				GCC_WARN_64_TO_32_BIT_CONVERSION = YES;
				GCC_WARN_ABOUT_RETURN_TYPE = YES_ERROR;
				GCC_WARN_UNDECLARED_SELECTOR = YES;
				GCC_WARN_UNINITIALIZED_AUTOS = YES_AGGRESSIVE;
				GCC_WARN_UNUSED_FUNCTION = YES;
				GCC_WARN_UNUSED_VARIABLE = YES;
				MACOSX_DEPLOYMENT_TARGET = 10.11;
				MTL_ENABLE_DEBUG_INFO = NO;
				SDKROOT = macosx;
			};
			name = Release;
		};
		1480EF921CB977A900E79C0A /* Debug */ = {
			isa = XCBuildConfiguration;
			baseConfigurationReference = 8447201133A38A26BA95A9AD /* Pods-Swiftopolis-new.debug.xcconfig */;
			buildSettings = {
				ASSETCATALOG_COMPILER_APPICON_NAME = AppIcon;
				CLANG_ENABLE_MODULES = YES;
				COMBINE_HIDPI_IMAGES = YES;
				INFOPLIST_FILE = "Swiftopolis-new/Info.plist";
				LD_RUNPATH_SEARCH_PATHS = "$(inherited) @executable_path/../Frameworks";
				PRODUCT_BUNDLE_IDENTIFIER = "com.chrisbenincasa.Swiftopolis-new";
				PRODUCT_NAME = "$(TARGET_NAME)";
				SWIFT_OBJC_BRIDGING_HEADER = "Swiftopolis-new/Swiftopolis-new-Bridging-Header.h";
				SWIFT_OPTIMIZATION_LEVEL = "-Onone";
			};
			name = Debug;
		};
		1480EF931CB977A900E79C0A /* Release */ = {
			isa = XCBuildConfiguration;
			baseConfigurationReference = BDCDDFD1A9417D0698950F37 /* Pods-Swiftopolis-new.release.xcconfig */;
			buildSettings = {
				ASSETCATALOG_COMPILER_APPICON_NAME = AppIcon;
				CLANG_ENABLE_MODULES = YES;
				COMBINE_HIDPI_IMAGES = YES;
				INFOPLIST_FILE = "Swiftopolis-new/Info.plist";
				LD_RUNPATH_SEARCH_PATHS = "$(inherited) @executable_path/../Frameworks";
				PRODUCT_BUNDLE_IDENTIFIER = "com.chrisbenincasa.Swiftopolis-new";
				PRODUCT_NAME = "$(TARGET_NAME)";
				SWIFT_OBJC_BRIDGING_HEADER = "Swiftopolis-new/Swiftopolis-new-Bridging-Header.h";
			};
			name = Release;
		};
/* End XCBuildConfiguration section */

/* Begin XCConfigurationList section */
		1480EF7B1CB977A900E79C0A /* Build configuration list for PBXProject "Swiftopolis" */ = {
			isa = XCConfigurationList;
			buildConfigurations = (
				1480EF8F1CB977A900E79C0A /* Debug */,
				1480EF901CB977A900E79C0A /* Release */,
			);
			defaultConfigurationIsVisible = 0;
			defaultConfigurationName = Release;
		};
		1480EF911CB977A900E79C0A /* Build configuration list for PBXNativeTarget "Swiftopolis-new" */ = {
			isa = XCConfigurationList;
			buildConfigurations = (
				1480EF921CB977A900E79C0A /* Debug */,
				1480EF931CB977A900E79C0A /* Release */,
			);
			defaultConfigurationIsVisible = 0;
			defaultConfigurationName = Release;
		};
/* End XCConfigurationList section */
	};
	rootObject = 1480EF781CB977A900E79C0A /* Project object */;
}
