// !$*UTF8*$!
{
	archiveVersion = 1;
	classes = {
	};
	objectVersion = 46;
	objects = {

/* Begin PBXBuildFile section */
		1480EF841CB977A900E79C0A /* AppDelegate.swift in Sources */ = {isa = PBXBuildFile; fileRef = 1480EF831CB977A900E79C0A /* AppDelegate.swift */; };
		1480EF861CB977A900E79C0A /* GameScene.swift in Sources */ = {isa = PBXBuildFile; fileRef = 1480EF851CB977A900E79C0A /* GameScene.swift */; };
		1480EF881CB977A900E79C0A /* GameScene.sks in Resources */ = {isa = PBXBuildFile; fileRef = 1480EF871CB977A900E79C0A /* GameScene.sks */; };
		1480EF8A1CB977A900E79C0A /* Assets.xcassets in Resources */ = {isa = PBXBuildFile; fileRef = 1480EF891CB977A900E79C0A /* Assets.xcassets */; };
		1480EF8D1CB977A900E79C0A /* MainMenu.xib in Resources */ = {isa = PBXBuildFile; fileRef = 1480EF8B1CB977A900E79C0A /* MainMenu.xib */; };
/* End PBXBuildFile section */

/* Begin PBXFileReference section */
		1480EF801CB977A900E79C0A /* Swiftopolis-new.app */ = {isa = PBXFileReference; explicitFileType = wrapper.application; includeInIndex = 0; path = "Swiftopolis-new.app"; sourceTree = BUILT_PRODUCTS_DIR; };
		1480EF831CB977A900E79C0A /* AppDelegate.swift */ = {isa = PBXFileReference; lastKnownFileType = sourcecode.swift; path = AppDelegate.swift; sourceTree = "<group>"; };
		1480EF851CB977A900E79C0A /* GameScene.swift */ = {isa = PBXFileReference; lastKnownFileType = sourcecode.swift; path = GameScene.swift; sourceTree = "<group>"; };
		1480EF871CB977A900E79C0A /* GameScene.sks */ = {isa = PBXFileReference; lastKnownFileType = file.sks; path = GameScene.sks; sourceTree = "<group>"; };
		1480EF891CB977A900E79C0A /* Assets.xcassets */ = {isa = PBXFileReference; lastKnownFileType = folder.assetcatalog; path = Assets.xcassets; sourceTree = "<group>"; };
		1480EF8C1CB977A900E79C0A /* Base */ = {isa = PBXFileReference; lastKnownFileType = file.xib; name = Base; path = Base.lproj/MainMenu.xib; sourceTree = "<group>"; };
		1480EF8E1CB977A900E79C0A /* Info.plist */ = {isa = PBXFileReference; lastKnownFileType = text.plist.xml; path = Info.plist; sourceTree = "<group>"; };
/* End PBXFileReference section */

/* Begin PBXFrameworksBuildPhase section */
		1480EF7D1CB977A900E79C0A /* Frameworks */ = {
			isa = PBXFrameworksBuildPhase;
			buildActionMask = 2147483647;
			files = (
			);
			runOnlyForDeploymentPostprocessing = 0;
		};
/* End PBXFrameworksBuildPhase section */

/* Begin PBXGroup section */
		1480EF771CB977A900E79C0A = {
			isa = PBXGroup;
			children = (
				1480EF821CB977A900E79C0A /* Swiftopolis-new */,
				1480EF811CB977A900E79C0A /* Products */,
			);
			sourceTree = "<group>";
		};
		1480EF811CB977A900E79C0A /* Products */ = {
			isa = PBXGroup;
			children = (
				1480EF801CB977A900E79C0A /* Swiftopolis-new.app */,
			);
			name = Products;
			sourceTree = "<group>";
		};
		1480EF821CB977A900E79C0A /* Swiftopolis-new */ = {
			isa = PBXGroup;
			children = (
				1480EF831CB977A900E79C0A /* AppDelegate.swift */,
				1480EF851CB977A900E79C0A /* GameScene.swift */,
				1480EF871CB977A900E79C0A /* GameScene.sks */,
				1480EF891CB977A900E79C0A /* Assets.xcassets */,
				1480EF8B1CB977A900E79C0A /* MainMenu.xib */,
				1480EF8E1CB977A900E79C0A /* Info.plist */,
			);
			path = "Swiftopolis-new";
			sourceTree = "<group>";
		};
/* End PBXGroup section */

/* Begin PBXNativeTarget section */
		1480EF7F1CB977A900E79C0A /* Swiftopolis-new */ = {
			isa = PBXNativeTarget;
			buildConfigurationList = 1480EF911CB977A900E79C0A /* Build configuration list for PBXNativeTarget "Swiftopolis-new" */;
			buildPhases = (
				1480EF7C1CB977A900E79C0A /* Sources */,
				1480EF7D1CB977A900E79C0A /* Frameworks */,
				1480EF7E1CB977A900E79C0A /* Resources */,
			);
			buildRules = (
			);
			dependencies = (
			);
			name = "Swiftopolis-new";
			productName = "Swiftopolis-new";
			productReference = 1480EF801CB977A900E79C0A /* Swiftopolis-new.app */;
			productType = "com.apple.product-type.application";
		};
/* End PBXNativeTarget section */

/* Begin PBXProject section */
		1480EF781CB977A900E79C0A /* Project object */ = {
			isa = PBXProject;
			attributes = {
				LastSwiftUpdateCheck = 0730;
				LastUpgradeCheck = 0730;
				ORGANIZATIONNAME = "Christian Benincasa";
				TargetAttributes = {
					1480EF7F1CB977A900E79C0A = {
						CreatedOnToolsVersion = 7.3;
					};
				};
			};
			buildConfigurationList = 1480EF7B1CB977A900E79C0A /* Build configuration list for PBXProject "Swiftopolis-new" */;
			compatibilityVersion = "Xcode 3.2";
			developmentRegion = English;
			hasScannedForEncodings = 0;
			knownRegions = (
				en,
				Base,
			);
			mainGroup = 1480EF771CB977A900E79C0A;
			productRefGroup = 1480EF811CB977A900E79C0A /* Products */;
			projectDirPath = "";
			projectRoot = "";
			targets = (
				1480EF7F1CB977A900E79C0A /* Swiftopolis-new */,
			);
		};
/* End PBXProject section */

/* Begin PBXResourcesBuildPhase section */
		1480EF7E1CB977A900E79C0A /* Resources */ = {
			isa = PBXResourcesBuildPhase;
			buildActionMask = 2147483647;
			files = (
				1480EF8A1CB977A900E79C0A /* Assets.xcassets in Resources */,
				1480EF881CB977A900E79C0A /* GameScene.sks in Resources */,
				1480EF8D1CB977A900E79C0A /* MainMenu.xib in Resources */,
			);
			runOnlyForDeploymentPostprocessing = 0;
		};
/* End PBXResourcesBuildPhase section */

/* Begin PBXSourcesBuildPhase section */
		1480EF7C1CB977A900E79C0A /* Sources */ = {
			isa = PBXSourcesBuildPhase;
			buildActionMask = 2147483647;
			files = (
				1480EF861CB977A900E79C0A /* GameScene.swift in Sources */,
				1480EF841CB977A900E79C0A /* AppDelegate.swift in Sources */,
			);
			runOnlyForDeploymentPostprocessing = 0;
		};
/* End PBXSourcesBuildPhase section */

/* Begin PBXVariantGroup section */
		1480EF8B1CB977A900E79C0A /* MainMenu.xib */ = {
			isa = PBXVariantGroup;
			children = (
				1480EF8C1CB977A900E79C0A /* Base */,
			);
			name = MainMenu.xib;
			sourceTree = "<group>";
		};
/* End PBXVariantGroup section */

/* Begin XCBuildConfiguration section */
		1480EF8F1CB977A900E79C0A /* Debug */ = {
			isa = XCBuildConfiguration;
			buildSettings = {
				ALWAYS_SEARCH_USER_PATHS = NO;
				CLANG_ANALYZER_NONNULL = YES;
				CLANG_CXX_LANGUAGE_STANDARD = "gnu++0x";
				CLANG_CXX_LIBRARY = "libc++";
				CLANG_ENABLE_MODULES = YES;
				CLANG_ENABLE_OBJC_ARC = YES;
				CLANG_WARN_BOOL_CONVERSION = YES;
				CLANG_WARN_CONSTANT_CONVERSION = YES;
				CLANG_WARN_DIRECT_OBJC_ISA_USAGE = YES_ERROR;
				CLANG_WARN_EMPTY_BODY = YES;
				CLANG_WARN_ENUM_CONVERSION = YES;
				CLANG_WARN_INT_CONVERSION = YES;
				CLANG_WARN_OBJC_ROOT_CLASS = YES_ERROR;
				CLANG_WARN_UNREACHABLE_CODE = YES;
				CLANG_WARN__DUPLICATE_METHOD_MATCH = YES;
				CODE_SIGN_IDENTITY = "-";
				COPY_PHASE_STRIP = NO;
				DEBUG_INFORMATION_FORMAT = "dwarf-with-dsym";
				ENABLE_STRICT_OBJC_MSGSEND = YES;
				ENABLE_TESTABILITY = YES;
				GCC_C_LANGUAGE_STANDARD = gnu99;
				GCC_DYNAMIC_NO_PIC = NO;
				GCC_NO_COMMON_BLOCKS = YES;
				GCC_OPTIMIZATION_LEVEL = 0;
				GCC_PREPROCESSOR_DEFINITIONS = (
					"DEBUG=1",
					"$(inherited)",
				);
				GCC_WARN_64_TO_32_BIT_CONVERSION = YES;
				GCC_WARN_ABOUT_RETURN_TYPE = YES_ERROR;
				GCC_WARN_UNDECLARED_SELECTOR = YES;
				GCC_WARN_UNINITIALIZED_AUTOS = YES_AGGRESSIVE;
				GCC_WARN_UNUSED_FUNCTION = YES;
				GCC_WARN_UNUSED_VARIABLE = YES;
				MACOSX_DEPLOYMENT_TARGET = 10.11;
				MTL_ENABLE_DEBUG_INFO = YES;
				ONLY_ACTIVE_ARCH = YES;
				SDKROOT = macosx;
				SWIFT_OPTIMIZATION_LEVEL = "-Onone";
			};
			name = Debug;
		};
		1480EF901CB977A900E79C0A /* Release */ = {
			isa = XCBuildConfiguration;
			buildSettings = {
				ALWAYS_SEARCH_USER_PATHS = NO;
				CLANG_ANALYZER_NONNULL = YES;
				CLANG_CXX_LANGUAGE_STANDARD = "gnu++0x";
				CLANG_CXX_LIBRARY = "libc++";
				CLANG_ENABLE_MODULES = YES;
				CLANG_ENABLE_OBJC_ARC = YES;
				CLANG_WARN_BOOL_CONVERSION = YES;
				CLANG_WARN_CONSTANT_CONVERSION = YES;
				CLANG_WARN_DIRECT_OBJC_ISA_USAGE = YES_ERROR;
				CLANG_WARN_EMPTY_BODY = YES;
				CLANG_WARN_ENUM_CONVERSION = YES;
				CLANG_WARN_INT_CONVERSION = YES;
				CLANG_WARN_OBJC_ROOT_CLASS = YES_ERROR;
				CLANG_WARN_UNREACHABLE_CODE = YES;
				CLANG_WARN__DUPLICATE_METHOD_MATCH = YES;
				CODE_SIGN_IDENTITY = "-";
				COPY_PHASE_STRIP = NO;
				DEBUG_INFORMATION_FORMAT = "dwarf-with-dsym";
				ENABLE_NS_ASSERTIONS = NO;
				ENABLE_STRICT_OBJC_MSGSEND = YES;
				GCC_C_LANGUAGE_STANDARD = gnu99;
				GCC_NO_COMMON_BLOCKS = YES;
				GCC_WARN_64_TO_32_BIT_CONVERSION = YES;
				GCC_WARN_ABOUT_RETURN_TYPE = YES_ERROR;
				GCC_WARN_UNDECLARED_SELECTOR = YES;
				GCC_WARN_UNINITIALIZED_AUTOS = YES_AGGRESSIVE;
				GCC_WARN_UNUSED_FUNCTION = YES;
				GCC_WARN_UNUSED_VARIABLE = YES;
				MACOSX_DEPLOYMENT_TARGET = 10.11;
				MTL_ENABLE_DEBUG_INFO = NO;
				SDKROOT = macosx;
			};
			name = Release;
		};
		1480EF921CB977A900E79C0A /* Debug */ = {
			isa = XCBuildConfiguration;
			buildSettings = {
				ASSETCATALOG_COMPILER_APPICON_NAME = AppIcon;
				COMBINE_HIDPI_IMAGES = YES;
				INFOPLIST_FILE = "Swiftopolis-new/Info.plist";
				LD_RUNPATH_SEARCH_PATHS = "$(inherited) @executable_path/../Frameworks";
				PRODUCT_BUNDLE_IDENTIFIER = "com.chrisbenincasa.Swiftopolis-new";
				PRODUCT_NAME = "$(TARGET_NAME)";
			};
			name = Debug;
		};
		1480EF931CB977A900E79C0A /* Release */ = {
			isa = XCBuildConfiguration;
			buildSettings = {
				ASSETCATALOG_COMPILER_APPICON_NAME = AppIcon;
				COMBINE_HIDPI_IMAGES = YES;
				INFOPLIST_FILE = "Swiftopolis-new/Info.plist";
				LD_RUNPATH_SEARCH_PATHS = "$(inherited) @executable_path/../Frameworks";
				PRODUCT_BUNDLE_IDENTIFIER = "com.chrisbenincasa.Swiftopolis-new";
				PRODUCT_NAME = "$(TARGET_NAME)";
			};
			name = Release;
		};
/* End XCBuildConfiguration section */

/* Begin XCConfigurationList section */
		1480EF7B1CB977A900E79C0A /* Build configuration list for PBXProject "Swiftopolis-new" */ = {
			isa = XCConfigurationList;
			buildConfigurations = (
				1480EF8F1CB977A900E79C0A /* Debug */,
				1480EF901CB977A900E79C0A /* Release */,
			);
			defaultConfigurationIsVisible = 0;
			defaultConfigurationName = Release;
		};
		1480EF911CB977A900E79C0A /* Build configuration list for PBXNativeTarget "Swiftopolis-new" */ = {
			isa = XCConfigurationList;
			buildConfigurations = (
				1480EF921CB977A900E79C0A /* Debug */,
				1480EF931CB977A900E79C0A /* Release */,
			);
			defaultConfigurationIsVisible = 0;
		};
/* End XCConfigurationList section */
	};
	rootObject = 1480EF781CB977A900E79C0A /* Project object */;
}
