<?xml version="1.0" encoding="UTF-8"?>
<!DOCTYPE plist PUBLIC "-//Apple//DTD PLIST 1.0//EN" "http://www.apple.com/DTDs/PropertyList-1.0.dtd">
<plist version="1.0">
<dict>
	<key>archiveVersion</key>
	<string>1</string>
	<key>classes</key>
	<dict/>
	<key>objectVersion</key>
	<string>46</string>
	<key>objects</key>
	<dict>
		<key>1480EF771CB977A900E79C0A</key>
		<dict>
			<key>children</key>
			<array>
				<string>1480EF821CB977A900E79C0A</string>
				<string>1480EF811CB977A900E79C0A</string>
				<string>F694FAA2AA6A11B2B35B2B18</string>
				<string>55A9821371AE463950F93FB8</string>
			</array>
			<key>isa</key>
			<string>PBXGroup</string>
			<key>sourceTree</key>
			<string>&lt;group&gt;</string>
		</dict>
		<key>1480EF781CB977A900E79C0A</key>
		<dict>
			<key>attributes</key>
			<dict>
				<key>LastSwiftUpdateCheck</key>
				<string>0730</string>
				<key>LastUpgradeCheck</key>
				<string>0730</string>
				<key>ORGANIZATIONNAME</key>
				<string>Christian Benincasa</string>
				<key>TargetAttributes</key>
				<dict>
					<key>1480EF7F1CB977A900E79C0A</key>
					<dict>
						<key>CreatedOnToolsVersion</key>
						<string>7.3</string>
					</dict>
				</dict>
			</dict>
			<key>buildConfigurationList</key>
			<string>1480EF7B1CB977A900E79C0A</string>
			<key>compatibilityVersion</key>
			<string>Xcode 3.2</string>
			<key>developmentRegion</key>
			<string>English</string>
			<key>hasScannedForEncodings</key>
			<string>0</string>
			<key>isa</key>
			<string>PBXProject</string>
			<key>knownRegions</key>
			<array>
				<string>en</string>
				<string>Base</string>
			</array>
			<key>mainGroup</key>
			<string>1480EF771CB977A900E79C0A</string>
			<key>productRefGroup</key>
			<string>1480EF811CB977A900E79C0A</string>
			<key>projectDirPath</key>
			<string></string>
			<key>projectReferences</key>
			<array/>
			<key>projectRoot</key>
			<string></string>
			<key>targets</key>
			<array>
				<string>1480EF7F1CB977A900E79C0A</string>
			</array>
		</dict>
		<key>1480EF7B1CB977A900E79C0A</key>
		<dict>
			<key>buildConfigurations</key>
			<array>
				<string>1480EF8F1CB977A900E79C0A</string>
				<string>1480EF901CB977A900E79C0A</string>
			</array>
			<key>defaultConfigurationIsVisible</key>
			<string>0</string>
			<key>defaultConfigurationName</key>
			<string>Release</string>
			<key>isa</key>
			<string>XCConfigurationList</string>
		</dict>
		<key>1480EF7C1CB977A900E79C0A</key>
		<dict>
			<key>buildActionMask</key>
			<string>2147483647</string>
			<key>files</key>
			<array>
				<string>1480F1AF1CB978CE00E79C0A</string>
				<string>1480F1981CB978CE00E79C0A</string>
				<string>1480F1661CB978CE00E79C0A</string>
				<string>1480F1991CB978CE00E79C0A</string>
				<string>1480F1921CB978CE00E79C0A</string>
				<string>1480F15D1CB978CE00E79C0A</string>
				<string>1480F1771CB978CE00E79C0A</string>
				<string>1480F19C1CB978CE00E79C0A</string>
				<string>1480F1B21CB978CE00E79C0A</string>
				<string>1480F1AB1CB978CE00E79C0A</string>
				<string>1480F1971CB978CE00E79C0A</string>
				<string>1480F1681CB978CE00E79C0A</string>
				<string>1480F1931CB978CE00E79C0A</string>
				<string>1480F17F1CB978CE00E79C0A</string>
				<string>1480F1941CB978CE00E79C0A</string>
				<string>1480F1A61CB978CE00E79C0A</string>
				<string>1480F1621CB978CE00E79C0A</string>
				<string>1480F1641CB978CE00E79C0A</string>
				<string>1480F1A81CB978CE00E79C0A</string>
				<string>1480F15B1CB978CE00E79C0A</string>
				<string>1480F18C1CB978CE00E79C0A</string>
				<string>1480F18B1CB978CE00E79C0A</string>
				<string>1480F1AE1CB978CE00E79C0A</string>
				<string>1480F1791CB978CE00E79C0A</string>
				<string>1480F1721CB978CE00E79C0A</string>
				<string>1480F15F1CB978CE00E79C0A</string>
				<string>1480F16F1CB978CE00E79C0A</string>
				<string>1480F1831CB978CE00E79C0A</string>
				<string>1480F16B1CB978CE00E79C0A</string>
				<string>1480F16E1CB978CE00E79C0A</string>
				<string>1480F16D1CB978CE00E79C0A</string>
				<string>1480F1871CB978CE00E79C0A</string>
				<string>1480F1AD1CB978CE00E79C0A</string>
				<string>1480F1751CB978CE00E79C0A</string>
				<string>1480F19E1CB978CE00E79C0A</string>
				<string>1480F16C1CB978CE00E79C0A</string>
				<string>1480F1A01CB978CE00E79C0A</string>
				<string>1480F16A1CB978CE00E79C0A</string>
				<string>1480F18A1CB978CE00E79C0A</string>
				<string>1480F1B01CB978CE00E79C0A</string>
				<string>1480F1AC1CB978CE00E79C0A</string>
				<string>1480F1961CB978CE00E79C0A</string>
				<string>1480F1A91CB978CE00E79C0A</string>
				<string>1480F1601CB978CE00E79C0A</string>
				<string>1480F17B1CB978CE00E79C0A</string>
				<string>1480F1B11CB978CE00E79C0A</string>
				<string>1480F1761CB978CE00E79C0A</string>
				<string>1480F1701CB978CE00E79C0A</string>
				<string>1480F1731CB978CE00E79C0A</string>
				<string>1480F19F1CB978CE00E79C0A</string>
				<string>1480F18D1CB978CE00E79C0A</string>
				<string>1480F1781CB978CE00E79C0A</string>
				<string>1480F1651CB978CE00E79C0A</string>
				<string>1480F18F1CB978CE00E79C0A</string>
				<string>1480F1A21CB978CE00E79C0A</string>
				<string>1480F1B31CB978CE00E79C0A</string>
				<string>1480F1901CB978CE00E79C0A</string>
				<string>1480F1911CB978CE00E79C0A</string>
				<string>1480F1611CB978CE00E79C0A</string>
				<string>1480F18E1CB978CE00E79C0A</string>
				<string>1480F1A31CB978CE00E79C0A</string>
				<string>1480F1891CB978CE00E79C0A</string>
				<string>1480F15C1CB978CE00E79C0A</string>
				<string>1480F19B1CB978CE00E79C0A</string>
				<string>1480F15E1CB978CE00E79C0A</string>
				<string>1480F19A1CB978CE00E79C0A</string>
				<string>1480F1A71CB978CE00E79C0A</string>
				<string>1480F1A41CB978CE00E79C0A</string>
				<string>1480F19D1CB978CE00E79C0A</string>
				<string>1480F1671CB978CE00E79C0A</string>
				<string>1480F17D1CB978CE00E79C0A</string>
				<string>1480F1801CB978CE00E79C0A</string>
				<string>1480F1711CB978CE00E79C0A</string>
				<string>1480F1691CB978CE00E79C0A</string>
				<string>1480F1AA1CB978CE00E79C0A</string>
				<string>1480F1A11CB978CE00E79C0A</string>
				<string>1480F1741CB978CE00E79C0A</string>
				<string>1480F1B41CB978CE00E79C0A</string>
				<string>1480F1631CB978CE00E79C0A</string>
				<string>1480F17A1CB978CE00E79C0A</string>
				<string>1480F17E1CB978CE00E79C0A</string>
			</array>
			<key>isa</key>
			<string>PBXSourcesBuildPhase</string>
			<key>runOnlyForDeploymentPostprocessing</key>
			<string>0</string>
		</dict>
		<key>1480EF7D1CB977A900E79C0A</key>
		<dict>
			<key>buildActionMask</key>
			<string>2147483647</string>
			<key>files</key>
			<array>
				<string>26F3226451874576B674B7DC</string>
			</array>
			<key>isa</key>
			<string>PBXFrameworksBuildPhase</string>
			<key>runOnlyForDeploymentPostprocessing</key>
			<string>0</string>
		</dict>
		<key>1480EF7E1CB977A900E79C0A</key>
		<dict>
			<key>buildActionMask</key>
			<string>2147483647</string>
			<key>files</key>
			<array>
				<string>1480F1821CB978CE00E79C0A</string>
				<string>1480F17C1CB978CE00E79C0A</string>
				<string>1480F1851CB978CE00E79C0A</string>
				<string>1480F1861CB978CE00E79C0A</string>
				<string>1480F1951CB978CE00E79C0A</string>
				<string>1480F1841CB978CE00E79C0A</string>
				<string>1480F1A51CB978CE00E79C0A</string>
				<string>1480F1811CB978CE00E79C0A</string>
				<string>1480F1881CB978CE00E79C0A</string>
			</array>
			<key>isa</key>
			<string>PBXResourcesBuildPhase</string>
			<key>runOnlyForDeploymentPostprocessing</key>
			<string>0</string>
		</dict>
		<key>1480EF7F1CB977A900E79C0A</key>
		<dict>
			<key>buildConfigurationList</key>
			<string>1480EF911CB977A900E79C0A</string>
			<key>buildPhases</key>
			<array>
				<string>E31E9D0DEB9B11F504ECA96C</string>
				<string>1480EF7C1CB977A900E79C0A</string>
				<string>1480EF7D1CB977A900E79C0A</string>
				<string>1480EF7E1CB977A900E79C0A</string>
				<string>A7933F44912A02480FF27276</string>
				<string>C5793CA8124A42012BCA774A</string>
			</array>
			<key>buildRules</key>
			<array/>
			<key>dependencies</key>
			<array/>
			<key>isa</key>
			<string>PBXNativeTarget</string>
			<key>name</key>
			<string>Swiftopolis-new</string>
			<key>productName</key>
			<string>Swiftopolis-new</string>
			<key>productReference</key>
			<string>1480EF801CB977A900E79C0A</string>
			<key>productType</key>
			<string>com.apple.product-type.application</string>
		</dict>
		<key>1480EF801CB977A900E79C0A</key>
		<dict>
			<key>explicitFileType</key>
			<string>wrapper.application</string>
			<key>includeInIndex</key>
			<string>0</string>
			<key>isa</key>
			<string>PBXFileReference</string>
			<key>path</key>
			<string>Swiftopolis-new.app</string>
			<key>sourceTree</key>
			<string>BUILT_PRODUCTS_DIR</string>
		</dict>
		<key>1480EF811CB977A900E79C0A</key>
		<dict>
			<key>children</key>
			<array>
				<string>1480EF801CB977A900E79C0A</string>
			</array>
			<key>isa</key>
			<string>PBXGroup</string>
			<key>name</key>
			<string>Products</string>
			<key>sourceTree</key>
			<string>&lt;group&gt;</string>
		</dict>
		<key>1480EF821CB977A900E79C0A</key>
		<dict>
			<key>children</key>
			<array>
				<string>1480F1011CB978CE00E79C0A</string>
				<string>1480F1021CB978CE00E79C0A</string>
				<string>1480F1031CB978CE00E79C0A</string>
				<string>1480F1041CB978CE00E79C0A</string>
				<string>1480F1051CB978CE00E79C0A</string>
				<string>1480F1061CB978CE00E79C0A</string>
				<string>1480F1071CB978CE00E79C0A</string>
				<string>1480F1081CB978CE00E79C0A</string>
				<string>1480F1091CB978CE00E79C0A</string>
				<string>1480F10A1CB978CE00E79C0A</string>
				<string>1480F10B1CB978CE00E79C0A</string>
				<string>1480F10C1CB978CE00E79C0A</string>
				<string>1480F10D1CB978CE00E79C0A</string>
				<string>1480F10E1CB978CE00E79C0A</string>
				<string>1480F10F1CB978CE00E79C0A</string>
				<string>1480F1101CB978CE00E79C0A</string>
				<string>1480F1111CB978CE00E79C0A</string>
				<string>1480F1121CB978CE00E79C0A</string>
				<string>1480F1131CB978CE00E79C0A</string>
				<string>1480F1141CB978CE00E79C0A</string>
				<string>1480F1151CB978CE00E79C0A</string>
				<string>1480F1161CB978CE00E79C0A</string>
				<string>1480F1171CB978CE00E79C0A</string>
				<string>1480F1181CB978CE00E79C0A</string>
				<string>1480F1191CB978CE00E79C0A</string>
				<string>1480F11A1CB978CE00E79C0A</string>
				<string>1480F11B1CB978CE00E79C0A</string>
				<string>1480F11C1CB978CE00E79C0A</string>
				<string>1480F11D1CB978CE00E79C0A</string>
				<string>1480F11E1CB978CE00E79C0A</string>
				<string>1480F11F1CB978CE00E79C0A</string>
				<string>1480F1201CB978CE00E79C0A</string>
				<string>1480F1211CB978CE00E79C0A</string>
				<string>1480F1221CB978CE00E79C0A</string>
				<string>1480F1231CB978CE00E79C0A</string>
				<string>1480F1241CB978CE00E79C0A</string>
				<string>1480F1251CB978CE00E79C0A</string>
				<string>1480F1261CB978CE00E79C0A</string>
				<string>1480F1271CB978CE00E79C0A</string>
				<string>1480F1281CB978CE00E79C0A</string>
				<string>1480F1291CB978CE00E79C0A</string>
				<string>1480F12A1CB978CE00E79C0A</string>
				<string>1480F12B1CB978CE00E79C0A</string>
				<string>1480F12C1CB978CE00E79C0A</string>
				<string>1480F12D1CB978CE00E79C0A</string>
				<string>1480F12E1CB978CE00E79C0A</string>
				<string>1480F12F1CB978CE00E79C0A</string>
				<string>1480F1301CB978CE00E79C0A</string>
				<string>1480F1311CB978CE00E79C0A</string>
				<string>1480F1321CB978CE00E79C0A</string>
				<string>1480F1331CB978CE00E79C0A</string>
				<string>1480F1341CB978CE00E79C0A</string>
				<string>1480F1351CB978CE00E79C0A</string>
				<string>1480F1361CB978CE00E79C0A</string>
				<string>1480F1371CB978CE00E79C0A</string>
				<string>1480F1381CB978CE00E79C0A</string>
				<string>1480F1391CB978CE00E79C0A</string>
				<string>1480F13A1CB978CE00E79C0A</string>
				<string>1480F13B1CB978CE00E79C0A</string>
				<string>1480F13C1CB978CE00E79C0A</string>
				<string>1480F13D1CB978CE00E79C0A</string>
				<string>1480F13E1CB978CE00E79C0A</string>
				<string>1480F13F1CB978CE00E79C0A</string>
				<string>1480F1401CB978CE00E79C0A</string>
				<string>1480F1411CB978CE00E79C0A</string>
				<string>1480F1421CB978CE00E79C0A</string>
				<string>1480F1431CB978CE00E79C0A</string>
				<string>1480F1441CB978CE00E79C0A</string>
				<string>1480F1451CB978CE00E79C0A</string>
				<string>1480F1461CB978CE00E79C0A</string>
				<string>1480F1471CB978CE00E79C0A</string>
				<string>1480F1481CB978CE00E79C0A</string>
				<string>1480F1491CB978CE00E79C0A</string>
				<string>1480F14A1CB978CE00E79C0A</string>
				<string>1480F14B1CB978CE00E79C0A</string>
				<string>1480F14C1CB978CE00E79C0A</string>
				<string>1480F14D1CB978CE00E79C0A</string>
				<string>1480F14E1CB978CE00E79C0A</string>
				<string>1480F14F1CB978CE00E79C0A</string>
				<string>1480F1501CB978CE00E79C0A</string>
				<string>1480F1511CB978CE00E79C0A</string>
				<string>1480F1521CB978CE00E79C0A</string>
				<string>1480F1531CB978CE00E79C0A</string>
				<string>1480F1541CB978CE00E79C0A</string>
				<string>1480F1551CB978CE00E79C0A</string>
				<string>1480F1561CB978CE00E79C0A</string>
				<string>1480F1571CB978CE00E79C0A</string>
				<string>1480F1581CB978CE00E79C0A</string>
				<string>1480F1591CB978CE00E79C0A</string>
				<string>1480F15A1CB978CE00E79C0A</string>
				<string>1480F1001CB978C900E79C0A</string>
			</array>
			<key>isa</key>
			<string>PBXGroup</string>
			<key>path</key>
			<string>Swiftopolis-new</string>
			<key>sourceTree</key>
			<string>&lt;group&gt;</string>
		</dict>
		<key>1480EF8F1CB977A900E79C0A</key>
		<dict>
			<key>buildSettings</key>
			<dict>
				<key>ALWAYS_SEARCH_USER_PATHS</key>
				<string>NO</string>
				<key>CLANG_ANALYZER_NONNULL</key>
				<string>YES</string>
				<key>CLANG_CXX_LANGUAGE_STANDARD</key>
				<string>gnu++0x</string>
				<key>CLANG_CXX_LIBRARY</key>
				<string>libc++</string>
				<key>CLANG_ENABLE_MODULES</key>
				<string>YES</string>
				<key>CLANG_ENABLE_OBJC_ARC</key>
				<string>YES</string>
				<key>CLANG_WARN_BOOL_CONVERSION</key>
				<string>YES</string>
				<key>CLANG_WARN_CONSTANT_CONVERSION</key>
				<string>YES</string>
				<key>CLANG_WARN_DIRECT_OBJC_ISA_USAGE</key>
				<string>YES_ERROR</string>
				<key>CLANG_WARN_EMPTY_BODY</key>
				<string>YES</string>
				<key>CLANG_WARN_ENUM_CONVERSION</key>
				<string>YES</string>
				<key>CLANG_WARN_INT_CONVERSION</key>
				<string>YES</string>
				<key>CLANG_WARN_OBJC_ROOT_CLASS</key>
				<string>YES_ERROR</string>
				<key>CLANG_WARN_UNREACHABLE_CODE</key>
				<string>YES</string>
				<key>CLANG_WARN__DUPLICATE_METHOD_MATCH</key>
				<string>YES</string>
				<key>CODE_SIGN_IDENTITY</key>
				<string>-</string>
				<key>COPY_PHASE_STRIP</key>
				<string>NO</string>
				<key>DEBUG_INFORMATION_FORMAT</key>
				<string>dwarf-with-dsym</string>
				<key>ENABLE_STRICT_OBJC_MSGSEND</key>
				<string>YES</string>
				<key>ENABLE_TESTABILITY</key>
				<string>YES</string>
				<key>GCC_C_LANGUAGE_STANDARD</key>
				<string>gnu99</string>
				<key>GCC_DYNAMIC_NO_PIC</key>
				<string>NO</string>
				<key>GCC_NO_COMMON_BLOCKS</key>
				<string>YES</string>
				<key>GCC_OPTIMIZATION_LEVEL</key>
				<string>0</string>
				<key>GCC_PREPROCESSOR_DEFINITIONS</key>
				<array>
					<string>DEBUG=1</string>
					<string>$(inherited)</string>
				</array>
				<key>GCC_WARN_64_TO_32_BIT_CONVERSION</key>
				<string>YES</string>
				<key>GCC_WARN_ABOUT_RETURN_TYPE</key>
				<string>YES_ERROR</string>
				<key>GCC_WARN_UNDECLARED_SELECTOR</key>
				<string>YES</string>
				<key>GCC_WARN_UNINITIALIZED_AUTOS</key>
				<string>YES_AGGRESSIVE</string>
				<key>GCC_WARN_UNUSED_FUNCTION</key>
				<string>YES</string>
				<key>GCC_WARN_UNUSED_VARIABLE</key>
				<string>YES</string>
				<key>MACOSX_DEPLOYMENT_TARGET</key>
				<string>10.11</string>
				<key>MTL_ENABLE_DEBUG_INFO</key>
				<string>YES</string>
				<key>ONLY_ACTIVE_ARCH</key>
				<string>YES</string>
				<key>SDKROOT</key>
				<string>macosx</string>
				<key>SWIFT_OPTIMIZATION_LEVEL</key>
				<string>-Onone</string>
			</dict>
			<key>isa</key>
			<string>XCBuildConfiguration</string>
			<key>name</key>
			<string>Debug</string>
		</dict>
		<key>1480EF901CB977A900E79C0A</key>
		<dict>
			<key>buildSettings</key>
			<dict>
				<key>ALWAYS_SEARCH_USER_PATHS</key>
				<string>NO</string>
				<key>CLANG_ANALYZER_NONNULL</key>
				<string>YES</string>
				<key>CLANG_CXX_LANGUAGE_STANDARD</key>
				<string>gnu++0x</string>
				<key>CLANG_CXX_LIBRARY</key>
				<string>libc++</string>
				<key>CLANG_ENABLE_MODULES</key>
				<string>YES</string>
				<key>CLANG_ENABLE_OBJC_ARC</key>
				<string>YES</string>
				<key>CLANG_WARN_BOOL_CONVERSION</key>
				<string>YES</string>
				<key>CLANG_WARN_CONSTANT_CONVERSION</key>
				<string>YES</string>
				<key>CLANG_WARN_DIRECT_OBJC_ISA_USAGE</key>
				<string>YES_ERROR</string>
				<key>CLANG_WARN_EMPTY_BODY</key>
				<string>YES</string>
				<key>CLANG_WARN_ENUM_CONVERSION</key>
				<string>YES</string>
				<key>CLANG_WARN_INT_CONVERSION</key>
				<string>YES</string>
				<key>CLANG_WARN_OBJC_ROOT_CLASS</key>
				<string>YES_ERROR</string>
				<key>CLANG_WARN_UNREACHABLE_CODE</key>
				<string>YES</string>
				<key>CLANG_WARN__DUPLICATE_METHOD_MATCH</key>
				<string>YES</string>
				<key>CODE_SIGN_IDENTITY</key>
				<string>-</string>
				<key>COPY_PHASE_STRIP</key>
				<string>NO</string>
				<key>DEBUG_INFORMATION_FORMAT</key>
				<string>dwarf-with-dsym</string>
				<key>ENABLE_NS_ASSERTIONS</key>
				<string>NO</string>
				<key>ENABLE_STRICT_OBJC_MSGSEND</key>
				<string>YES</string>
				<key>GCC_C_LANGUAGE_STANDARD</key>
				<string>gnu99</string>
				<key>GCC_NO_COMMON_BLOCKS</key>
				<string>YES</string>
				<key>GCC_WARN_64_TO_32_BIT_CONVERSION</key>
				<string>YES</string>
				<key>GCC_WARN_ABOUT_RETURN_TYPE</key>
				<string>YES_ERROR</string>
				<key>GCC_WARN_UNDECLARED_SELECTOR</key>
				<string>YES</string>
				<key>GCC_WARN_UNINITIALIZED_AUTOS</key>
				<string>YES_AGGRESSIVE</string>
				<key>GCC_WARN_UNUSED_FUNCTION</key>
				<string>YES</string>
				<key>GCC_WARN_UNUSED_VARIABLE</key>
				<string>YES</string>
				<key>MACOSX_DEPLOYMENT_TARGET</key>
				<string>10.11</string>
				<key>MTL_ENABLE_DEBUG_INFO</key>
				<string>NO</string>
				<key>SDKROOT</key>
				<string>macosx</string>
			</dict>
			<key>isa</key>
			<string>XCBuildConfiguration</string>
			<key>name</key>
			<string>Release</string>
		</dict>
		<key>1480EF911CB977A900E79C0A</key>
		<dict>
			<key>buildConfigurations</key>
			<array>
				<string>1480EF921CB977A900E79C0A</string>
				<string>1480EF931CB977A900E79C0A</string>
			</array>
			<key>defaultConfigurationIsVisible</key>
			<string>0</string>
			<key>isa</key>
			<string>XCConfigurationList</string>
		</dict>
		<key>1480EF921CB977A900E79C0A</key>
		<dict>
			<key>baseConfigurationReference</key>
			<string>B7AB9650C809A03EC82D9090</string>
			<key>buildSettings</key>
			<dict>
				<key>ASSETCATALOG_COMPILER_APPICON_NAME</key>
				<string>AppIcon</string>
				<key>CLANG_ENABLE_MODULES</key>
				<string>YES</string>
				<key>COMBINE_HIDPI_IMAGES</key>
				<string>YES</string>
				<key>INFOPLIST_FILE</key>
				<string>Swiftopolis-new/Info.plist</string>
				<key>LD_RUNPATH_SEARCH_PATHS</key>
				<string>$(inherited) @executable_path/../Frameworks</string>
				<key>PRODUCT_BUNDLE_IDENTIFIER</key>
				<string>com.chrisbenincasa.Swiftopolis-new</string>
				<key>PRODUCT_NAME</key>
				<string>$(TARGET_NAME)</string>
				<key>SWIFT_OBJC_BRIDGING_HEADER</key>
				<string>Swiftopolis-new/Swiftopolis-new-Bridging-Header.h</string>
				<key>SWIFT_OPTIMIZATION_LEVEL</key>
				<string>-Onone</string>
			</dict>
			<key>isa</key>
			<string>XCBuildConfiguration</string>
			<key>name</key>
			<string>Debug</string>
		</dict>
		<key>1480EF931CB977A900E79C0A</key>
		<dict>
			<key>baseConfigurationReference</key>
			<string>3F32724CEB149CEF9A3FE824</string>
			<key>buildSettings</key>
			<dict>
				<key>ASSETCATALOG_COMPILER_APPICON_NAME</key>
				<string>AppIcon</string>
				<key>CLANG_ENABLE_MODULES</key>
				<string>YES</string>
				<key>COMBINE_HIDPI_IMAGES</key>
				<string>YES</string>
				<key>INFOPLIST_FILE</key>
				<string>Swiftopolis-new/Info.plist</string>
				<key>LD_RUNPATH_SEARCH_PATHS</key>
				<string>$(inherited) @executable_path/../Frameworks</string>
				<key>PRODUCT_BUNDLE_IDENTIFIER</key>
				<string>com.chrisbenincasa.Swiftopolis-new</string>
				<key>PRODUCT_NAME</key>
				<string>$(TARGET_NAME)</string>
				<key>SWIFT_OBJC_BRIDGING_HEADER</key>
				<string>Swiftopolis-new/Swiftopolis-new-Bridging-Header.h</string>
			</dict>
			<key>isa</key>
			<string>XCBuildConfiguration</string>
			<key>name</key>
			<string>Release</string>
		</dict>
		<key>1480F1001CB978C900E79C0A</key>
		<dict>
			<key>isa</key>
			<string>PBXFileReference</string>
			<key>lastKnownFileType</key>
			<string>sourcecode.c.h</string>
			<key>path</key>
			<string>Swiftopolis-new-Bridging-Header.h</string>
			<key>sourceTree</key>
			<string>&lt;group&gt;</string>
		</dict>
		<key>1480F1011CB978CE00E79C0A</key>
		<dict>
			<key>fileEncoding</key>
			<string>4</string>
			<key>isa</key>
			<string>PBXFileReference</string>
			<key>lastKnownFileType</key>
			<string>sourcecode.swift</string>
			<key>path</key>
			<string>AbstractToolEffect.swift</string>
			<key>sourceTree</key>
			<string>&lt;group&gt;</string>
		</dict>
		<key>1480F1021CB978CE00E79C0A</key>
		<dict>
			<key>fileEncoding</key>
			<string>4</string>
			<key>isa</key>
			<string>PBXFileReference</string>
			<key>lastKnownFileType</key>
			<string>sourcecode.swift</string>
			<key>path</key>
			<string>AirportTileBehavior.swift</string>
			<key>sourceTree</key>
			<string>&lt;group&gt;</string>
		</dict>
		<key>1480F1031CB978CE00E79C0A</key>
		<dict>
			<key>fileEncoding</key>
			<string>4</string>
			<key>isa</key>
			<string>PBXFileReference</string>
			<key>lastKnownFileType</key>
			<string>sourcecode.swift</string>
			<key>path</key>
			<string>AppDelegate.swift</string>
			<key>sourceTree</key>
			<string>&lt;group&gt;</string>
		</dict>
		<key>1480F1041CB978CE00E79C0A</key>
		<dict>
			<key>fileEncoding</key>
			<string>4</string>
			<key>isa</key>
			<string>PBXFileReference</string>
			<key>lastKnownFileType</key>
			<string>sourcecode.swift</string>
			<key>path</key>
			<string>ArrayExtensions.swift</string>
			<key>sourceTree</key>
			<string>&lt;group&gt;</string>
		</dict>
		<key>1480F1051CB978CE00E79C0A</key>
		<dict>
			<key>fileEncoding</key>
			<string>4</string>
			<key>isa</key>
			<string>PBXFileReference</string>
			<key>lastKnownFileType</key>
			<string>sourcecode.swift</string>
			<key>path</key>
			<string>Budget.swift</string>
			<key>sourceTree</key>
			<string>&lt;group&gt;</string>
		</dict>
		<key>1480F1061CB978CE00E79C0A</key>
		<dict>
			<key>fileEncoding</key>
			<string>4</string>
			<key>isa</key>
			<string>PBXFileReference</string>
			<key>lastKnownFileType</key>
			<string>sourcecode.swift</string>
			<key>path</key>
			<string>BuildingTool.swift</string>
			<key>sourceTree</key>
			<string>&lt;group&gt;</string>
		</dict>
		<key>1480F1071CB978CE00E79C0A</key>
		<dict>
			<key>fileEncoding</key>
			<string>4</string>
			<key>isa</key>
			<string>PBXFileReference</string>
			<key>lastKnownFileType</key>
			<string>sourcecode.swift</string>
			<key>path</key>
			<string>BulldozerTool.swift</string>
			<key>sourceTree</key>
			<string>&lt;group&gt;</string>
		</dict>
		<key>1480F1081CB978CE00E79C0A</key>
		<dict>
			<key>fileEncoding</key>
			<string>4</string>
			<key>isa</key>
			<string>PBXFileReference</string>
			<key>lastKnownFileType</key>
			<string>sourcecode.swift</string>
			<key>path</key>
			<string>CachedTextureAtlas.swift</string>
			<key>sourceTree</key>
			<string>&lt;group&gt;</string>
		</dict>
		<key>1480F1091CB978CE00E79C0A</key>
		<dict>
			<key>fileEncoding</key>
			<string>4</string>
			<key>isa</key>
			<string>PBXFileReference</string>
			<key>lastKnownFileType</key>
			<string>sourcecode.swift</string>
			<key>path</key>
			<string>Camera.swift</string>
			<key>sourceTree</key>
			<string>&lt;group&gt;</string>
		</dict>
		<key>1480F10A1CB978CE00E79C0A</key>
		<dict>
			<key>fileEncoding</key>
			<string>4</string>
			<key>isa</key>
			<string>PBXFileReference</string>
			<key>lastKnownFileType</key>
			<string>sourcecode.swift</string>
			<key>path</key>
			<string>Census.swift</string>
			<key>sourceTree</key>
			<string>&lt;group&gt;</string>
		</dict>
		<key>1480F10B1CB978CE00E79C0A</key>
		<dict>
			<key>fileEncoding</key>
			<string>4</string>
			<key>isa</key>
			<string>PBXFileReference</string>
			<key>lastKnownFileType</key>
			<string>sourcecode.swift</string>
			<key>path</key>
			<string>CGPoint-Extensions.swift</string>
			<key>sourceTree</key>
			<string>&lt;group&gt;</string>
		</dict>
		<key>1480F10C1CB978CE00E79C0A</key>
		<dict>
			<key>fileEncoding</key>
			<string>4</string>
			<key>isa</key>
			<string>PBXFileReference</string>
			<key>lastKnownFileType</key>
			<string>sourcecode.swift</string>
			<key>path</key>
			<string>CGSize-Extensions.swift</string>
			<key>sourceTree</key>
			<string>&lt;group&gt;</string>
		</dict>
		<key>1480F10D1CB978CE00E79C0A</key>
		<dict>
			<key>fileEncoding</key>
			<string>4</string>
			<key>isa</key>
			<string>PBXFileReference</string>
			<key>lastKnownFileType</key>
			<string>sourcecode.swift</string>
			<key>path</key>
			<string>City.swift</string>
			<key>sourceTree</key>
			<string>&lt;group&gt;</string>
		</dict>
		<key>1480F10E1CB978CE00E79C0A</key>
		<dict>
			<key>fileEncoding</key>
			<string>4</string>
			<key>isa</key>
			<string>PBXFileReference</string>
			<key>lastKnownFileType</key>
			<string>sourcecode.swift</string>
			<key>path</key>
			<string>CityDateNode.swift</string>
			<key>sourceTree</key>
			<string>&lt;group&gt;</string>
		</dict>
		<key>1480F10F1CB978CE00E79C0A</key>
		<dict>
			<key>fileEncoding</key>
			<string>4</string>
			<key>isa</key>
			<string>PBXFileReference</string>
			<key>lastKnownFileType</key>
			<string>sourcecode.swift</string>
			<key>path</key>
			<string>CityEvaluation.swift</string>
			<key>sourceTree</key>
			<string>&lt;group&gt;</string>
		</dict>
		<key>1480F1101CB978CE00E79C0A</key>
		<dict>
			<key>fileEncoding</key>
			<string>4</string>
			<key>isa</key>
			<string>PBXFileReference</string>
			<key>lastKnownFileType</key>
			<string>sourcecode.swift</string>
			<key>path</key>
			<string>CityHistory.swift</string>
			<key>sourceTree</key>
			<string>&lt;group&gt;</string>
		</dict>
		<key>1480F1111CB978CE00E79C0A</key>
		<dict>
			<key>fileEncoding</key>
			<string>4</string>
			<key>isa</key>
			<string>PBXFileReference</string>
			<key>lastKnownFileType</key>
			<string>sourcecode.swift</string>
			<key>path</key>
			<string>CityLocation.swift</string>
			<key>sourceTree</key>
			<string>&lt;group&gt;</string>
		</dict>
		<key>1480F1121CB978CE00E79C0A</key>
		<dict>
			<key>fileEncoding</key>
			<string>4</string>
			<key>isa</key>
			<string>PBXFileReference</string>
			<key>lastKnownFileType</key>
			<string>sourcecode.swift</string>
			<key>path</key>
			<string>CityMessage.swift</string>
			<key>sourceTree</key>
			<string>&lt;group&gt;</string>
		</dict>
		<key>1480F1131CB978CE00E79C0A</key>
		<dict>
			<key>fileEncoding</key>
			<string>4</string>
			<key>isa</key>
			<string>PBXFileReference</string>
			<key>lastKnownFileType</key>
			<string>sourcecode.swift</string>
			<key>path</key>
			<string>CityProblem.swift</string>
			<key>sourceTree</key>
			<string>&lt;group&gt;</string>
		</dict>
		<key>1480F1141CB978CE00E79C0A</key>
		<dict>
			<key>fileEncoding</key>
			<string>4</string>
			<key>isa</key>
			<string>PBXFileReference</string>
			<key>lastKnownFileType</key>
			<string>sourcecode.swift</string>
			<key>path</key>
			<string>CitySound.swift</string>
			<key>sourceTree</key>
			<string>&lt;group&gt;</string>
		</dict>
		<key>1480F1151CB978CE00E79C0A</key>
		<dict>
			<key>fileEncoding</key>
			<string>4</string>
			<key>isa</key>
			<string>PBXFileReference</string>
			<key>lastKnownFileType</key>
			<string>sourcecode.swift</string>
			<key>path</key>
			<string>CityWorld.swift</string>
			<key>sourceTree</key>
			<string>&lt;group&gt;</string>
		</dict>
		<key>1480F1161CB978CE00E79C0A</key>
		<dict>
			<key>fileEncoding</key>
			<string>4</string>
			<key>isa</key>
			<string>PBXFileReference</string>
			<key>lastKnownFileType</key>
			<string>sourcecode.swift</string>
			<key>path</key>
			<string>CoalPowerTileBehavior.swift</string>
			<key>sourceTree</key>
			<string>&lt;group&gt;</string>
		</dict>
		<key>1480F1171CB978CE00E79C0A</key>
		<dict>
			<key>fileEncoding</key>
			<string>4</string>
			<key>isa</key>
			<string>PBXFileReference</string>
			<key>lastKnownFileType</key>
			<string>sourcecode.swift</string>
			<key>path</key>
			<string>CommercialTileBehavior.swift</string>
			<key>sourceTree</key>
			<string>&lt;group&gt;</string>
		</dict>
		<key>1480F1181CB978CE00E79C0A</key>
		<dict>
			<key>fileEncoding</key>
			<string>4</string>
			<key>isa</key>
			<string>PBXFileReference</string>
			<key>lastKnownFileType</key>
			<string>sourcecode.swift</string>
			<key>path</key>
			<string>DebugOverlay.swift</string>
			<key>sourceTree</key>
			<string>&lt;group&gt;</string>
		</dict>
		<key>1480F1191CB978CE00E79C0A</key>
		<dict>
			<key>fileEncoding</key>
			<string>4</string>
			<key>isa</key>
			<string>PBXFileReference</string>
			<key>lastKnownFileType</key>
			<string>sourcecode.swift</string>
			<key>path</key>
			<string>Demand.swift</string>
			<key>sourceTree</key>
			<string>&lt;group&gt;</string>
		</dict>
		<key>1480F11A1CB978CE00E79C0A</key>
		<dict>
			<key>fileEncoding</key>
			<string>4</string>
			<key>isa</key>
			<string>PBXFileReference</string>
			<key>lastKnownFileType</key>
			<string>sourcecode.swift</string>
			<key>path</key>
			<string>DemandIndicator.swift</string>
			<key>sourceTree</key>
			<string>&lt;group&gt;</string>
		</dict>
		<key>1480F11B1CB978CE00E79C0A</key>
		<dict>
			<key>fileEncoding</key>
			<string>4</string>
			<key>isa</key>
			<string>PBXFileReference</string>
			<key>lastKnownFileType</key>
			<string>sourcecode.swift</string>
			<key>path</key>
			<string>DifficultyLevel.swift</string>
			<key>sourceTree</key>
			<string>&lt;group&gt;</string>
		</dict>
		<key>1480F11C1CB978CE00E79C0A</key>
		<dict>
			<key>fileEncoding</key>
			<string>4</string>
			<key>isa</key>
			<string>PBXFileReference</string>
			<key>lastKnownFileType</key>
			<string>sourcecode.swift</string>
			<key>path</key>
			<string>DisasterEngine.swift</string>
			<key>sourceTree</key>
			<string>&lt;group&gt;</string>
		</dict>
		<key>1480F11D1CB978CE00E79C0A</key>
		<dict>
			<key>fileEncoding</key>
			<string>4</string>
			<key>isa</key>
			<string>PBXFileReference</string>
			<key>lastKnownFileType</key>
			<string>sourcecode.swift</string>
			<key>path</key>
			<string>Engine.swift</string>
			<key>sourceTree</key>
			<string>&lt;group&gt;</string>
		</dict>
		<key>1480F11E1CB978CE00E79C0A</key>
		<dict>
			<key>fileEncoding</key>
			<string>4</string>
			<key>isa</key>
			<string>PBXFileReference</string>
			<key>lastKnownFileType</key>
			<string>sourcecode.swift</string>
			<key>path</key>
			<string>ExplosionTerrainEffect.swift</string>
			<key>sourceTree</key>
			<string>&lt;group&gt;</string>
		</dict>
		<key>1480F11F1CB978CE00E79C0A</key>
		<dict>
			<key>fileEncoding</key>
			<string>4</string>
			<key>isa</key>
			<string>PBXFileReference</string>
			<key>lastKnownFileType</key>
			<string>sourcecode.swift</string>
			<key>path</key>
			<string>FireStationTileBehavior.swift</string>
			<key>sourceTree</key>
			<string>&lt;group&gt;</string>
		</dict>
		<key>1480F1201CB978CE00E79C0A</key>
		<dict>
			<key>fileEncoding</key>
			<string>4</string>
			<key>isa</key>
			<string>PBXFileReference</string>
			<key>lastKnownFileType</key>
			<string>sourcecode.swift</string>
			<key>path</key>
			<string>FireTerrainBehavior.swift</string>
			<key>sourceTree</key>
			<string>&lt;group&gt;</string>
		</dict>
		<key>1480F1211CB978CE00E79C0A</key>
		<dict>
			<key>fileEncoding</key>
			<string>4</string>
			<key>isa</key>
			<string>PBXFileReference</string>
			<key>lastKnownFileType</key>
			<string>sourcecode.swift</string>
			<key>path</key>
			<string>FloodTerrainBehavior.swift</string>
			<key>sourceTree</key>
			<string>&lt;group&gt;</string>
		</dict>
		<key>1480F1221CB978CE00E79C0A</key>
		<dict>
			<key>isa</key>
			<string>PBXFileReference</string>
			<key>lastKnownFileType</key>
			<string>file.sks</string>
			<key>path</key>
			<string>GameScene.sks</string>
			<key>sourceTree</key>
			<string>&lt;group&gt;</string>
		</dict>
		<key>1480F1231CB978CE00E79C0A</key>
		<dict>
			<key>fileEncoding</key>
			<string>4</string>
			<key>isa</key>
			<string>PBXFileReference</string>
			<key>lastKnownFileType</key>
			<string>sourcecode.swift</string>
			<key>path</key>
			<string>GameScene.swift</string>
			<key>sourceTree</key>
			<string>&lt;group&gt;</string>
		</dict>
		<key>1480F1241CB978CE00E79C0A</key>
		<dict>
			<key>fileEncoding</key>
			<string>4</string>
			<key>isa</key>
			<string>PBXFileReference</string>
			<key>lastKnownFileType</key>
			<string>sourcecode.swift</string>
			<key>path</key>
			<string>GameView.swift</string>
			<key>sourceTree</key>
			<string>&lt;group&gt;</string>
		</dict>
		<key>1480F1251CB978CE00E79C0A</key>
		<dict>
			<key>fileEncoding</key>
			<string>4</string>
			<key>isa</key>
			<string>PBXFileReference</string>
			<key>lastKnownFileType</key>
			<string>sourcecode.swift</string>
			<key>path</key>
			<string>GameViewController.swift</string>
			<key>sourceTree</key>
			<string>&lt;group&gt;</string>
		</dict>
		<key>1480F1261CB978CE00E79C0A</key>
		<dict>
			<key>fileEncoding</key>
			<string>4</string>
			<key>isa</key>
			<string>PBXFileReference</string>
			<key>lastKnownFileType</key>
			<string>sourcecode.swift</string>
			<key>path</key>
			<string>GameWindow.swift</string>
			<key>sourceTree</key>
			<string>&lt;group&gt;</string>
		</dict>
		<key>1480F1271CB978CE00E79C0A</key>
		<dict>
			<key>fileEncoding</key>
			<string>4</string>
			<key>isa</key>
			<string>PBXFileReference</string>
			<key>lastKnownFileType</key>
			<string>file.xib</string>
			<key>path</key>
			<string>GameWindow.xib</string>
			<key>sourceTree</key>
			<string>&lt;group&gt;</string>
		</dict>
		<key>1480F1281CB978CE00E79C0A</key>
		<dict>
			<key>fileEncoding</key>
			<string>4</string>
			<key>isa</key>
			<string>PBXFileReference</string>
			<key>lastKnownFileType</key>
			<string>text.plist.strings</string>
			<key>path</key>
			<string>GUIStrings.strings</string>
			<key>sourceTree</key>
			<string>&lt;group&gt;</string>
		</dict>
		<key>1480F1291CB978CE00E79C0A</key>
		<dict>
			<key>fileEncoding</key>
			<string>4</string>
			<key>isa</key>
			<string>PBXFileReference</string>
			<key>lastKnownFileType</key>
			<string>sourcecode.swift</string>
			<key>path</key>
			<string>HospitalChurchTerrainBehavior.swift</string>
			<key>sourceTree</key>
			<string>&lt;group&gt;</string>
		</dict>
		<key>1480F12A1CB978CE00E79C0A</key>
		<dict>
			<key>isa</key>
			<string>PBXFileReference</string>
			<key>lastKnownFileType</key>
			<string>folder.skatlas</string>
			<key>path</key>
			<string>Icons.atlas</string>
			<key>sourceTree</key>
			<string>&lt;group&gt;</string>
		</dict>
		<key>1480F12B1CB978CE00E79C0A</key>
		<dict>
			<key>isa</key>
			<string>PBXFileReference</string>
			<key>lastKnownFileType</key>
			<string>folder.skatlas</string>
			<key>path</key>
			<string>images.atlas</string>
			<key>sourceTree</key>
			<string>&lt;group&gt;</string>
		</dict>
		<key>1480F12C1CB978CE00E79C0A</key>
		<dict>
			<key>isa</key>
			<string>PBXFileReference</string>
			<key>lastKnownFileType</key>
			<string>folder.assetcatalog</string>
			<key>path</key>
			<string>Images.xcassets</string>
			<key>sourceTree</key>
			<string>&lt;group&gt;</string>
		</dict>
		<key>1480F12D1CB978CE00E79C0A</key>
		<dict>
			<key>fileEncoding</key>
			<string>4</string>
			<key>isa</key>
			<string>PBXFileReference</string>
			<key>lastKnownFileType</key>
			<string>sourcecode.swift</string>
			<key>path</key>
			<string>IndustrialTileBehavior.swift</string>
			<key>sourceTree</key>
			<string>&lt;group&gt;</string>
		</dict>
		<key>1480F12E1CB978CE00E79C0A</key>
		<dict>
			<key>fileEncoding</key>
			<string>4</string>
			<key>isa</key>
			<string>PBXFileReference</string>
			<key>lastKnownFileType</key>
			<string>text.plist.xml</string>
			<key>path</key>
			<string>Info.plist</string>
			<key>sourceTree</key>
			<string>&lt;group&gt;</string>
		</dict>
		<key>1480F12F1CB978CE00E79C0A</key>
		<dict>
			<key>fileEncoding</key>
			<string>4</string>
			<key>isa</key>
			<string>PBXFileReference</string>
			<key>lastKnownFileType</key>
			<string>sourcecode.swift</string>
			<key>path</key>
			<string>MainSceneView.swift</string>
			<key>sourceTree</key>
			<string>&lt;group&gt;</string>
		</dict>
		<key>1480F1301CB978CE00E79C0A</key>
		<dict>
			<key>fileEncoding</key>
			<string>4</string>
			<key>isa</key>
			<string>PBXFileReference</string>
			<key>lastKnownFileType</key>
			<string>sourcecode.swift</string>
			<key>path</key>
			<string>Map.swift</string>
			<key>sourceTree</key>
			<string>&lt;group&gt;</string>
		</dict>
		<key>1480F1311CB978CE00E79C0A</key>
		<dict>
			<key>fileEncoding</key>
			<string>4</string>
			<key>isa</key>
			<string>PBXFileReference</string>
			<key>lastKnownFileType</key>
			<string>sourcecode.swift</string>
			<key>path</key>
			<string>MapGenerator.swift</string>
			<key>sourceTree</key>
			<string>&lt;group&gt;</string>
		</dict>
		<key>1480F1321CB978CE00E79C0A</key>
		<dict>
			<key>fileEncoding</key>
			<string>4</string>
			<key>isa</key>
			<string>PBXFileReference</string>
			<key>lastKnownFileType</key>
			<string>sourcecode.swift</string>
			<key>path</key>
			<string>MonsterSprite.swift</string>
			<key>sourceTree</key>
			<string>&lt;group&gt;</string>
		</dict>
		<key>1480F1331CB978CE00E79C0A</key>
		<dict>
			<key>fileEncoding</key>
			<string>4</string>
			<key>isa</key>
			<string>PBXFileReference</string>
			<key>lastKnownFileType</key>
			<string>sourcecode.swift</string>
			<key>path</key>
			<string>NuclearTileBehavior.swift</string>
			<key>sourceTree</key>
			<string>&lt;group&gt;</string>
		</dict>
		<key>1480F1341CB978CE00E79C0A</key>
		<dict>
			<key>fileEncoding</key>
			<string>4</string>
			<key>isa</key>
			<string>PBXFileReference</string>
			<key>lastKnownFileType</key>
			<string>sourcecode.swift</string>
			<key>path</key>
			<string>Option_Extensions.swift</string>
			<key>sourceTree</key>
			<string>&lt;group&gt;</string>
		</dict>
		<key>1480F1351CB978CE00E79C0A</key>
		<dict>
			<key>fileEncoding</key>
			<string>4</string>
			<key>isa</key>
			<string>PBXFileReference</string>
			<key>lastKnownFileType</key>
			<string>sourcecode.swift</string>
			<key>path</key>
			<string>OverlayMap.swift</string>
			<key>sourceTree</key>
			<string>&lt;group&gt;</string>
		</dict>
		<key>1480F1361CB978CE00E79C0A</key>
		<dict>
			<key>fileEncoding</key>
			<string>4</string>
			<key>isa</key>
			<string>PBXFileReference</string>
			<key>lastKnownFileType</key>
			<string>sourcecode.swift</string>
			<key>path</key>
			<string>PointUtils.swift</string>
			<key>sourceTree</key>
			<string>&lt;group&gt;</string>
		</dict>
		<key>1480F1371CB978CE00E79C0A</key>
		<dict>
			<key>fileEncoding</key>
			<string>4</string>
			<key>isa</key>
			<string>PBXFileReference</string>
			<key>lastKnownFileType</key>
			<string>sourcecode.swift</string>
			<key>path</key>
			<string>PoliceStationTileEffect.swift</string>
			<key>sourceTree</key>
			<string>&lt;group&gt;</string>
		</dict>
		<key>1480F1381CB978CE00E79C0A</key>
		<dict>
			<key>fileEncoding</key>
			<string>4</string>
			<key>isa</key>
			<string>PBXFileReference</string>
			<key>lastKnownFileType</key>
			<string>sourcecode.swift</string>
			<key>path</key>
			<string>RadioactiveTerrainBehavior.swift</string>
			<key>sourceTree</key>
			<string>&lt;group&gt;</string>
		</dict>
		<key>1480F1391CB978CE00E79C0A</key>
		<dict>
			<key>fileEncoding</key>
			<string>4</string>
			<key>isa</key>
			<string>PBXFileReference</string>
			<key>lastKnownFileType</key>
			<string>sourcecode.swift</string>
			<key>path</key>
			<string>RailTerrainBehavior.swift</string>
			<key>sourceTree</key>
			<string>&lt;group&gt;</string>
		</dict>
		<key>1480F13A1CB978CE00E79C0A</key>
		<dict>
			<key>fileEncoding</key>
			<string>4</string>
			<key>isa</key>
			<string>PBXFileReference</string>
			<key>lastKnownFileType</key>
			<string>sourcecode.swift</string>
			<key>path</key>
			<string>ResidentialTileBehavior.swift</string>
			<key>sourceTree</key>
			<string>&lt;group&gt;</string>
		</dict>
		<key>1480F13B1CB978CE00E79C0A</key>
		<dict>
			<key>isa</key>
			<string>PBXFileReference</string>
			<key>lastKnownFileType</key>
			<string>folder</string>
			<key>path</key>
			<string>resources</string>
			<key>sourceTree</key>
			<string>&lt;group&gt;</string>
		</dict>
		<key>1480F13C1CB978CE00E79C0A</key>
		<dict>
			<key>fileEncoding</key>
			<string>4</string>
			<key>isa</key>
			<string>PBXFileReference</string>
			<key>lastKnownFileType</key>
			<string>sourcecode.swift</string>
			<key>path</key>
			<string>RoadLikeTool.swift</string>
			<key>sourceTree</key>
			<string>&lt;group&gt;</string>
		</dict>
		<key>1480F13D1CB978CE00E79C0A</key>
		<dict>
			<key>fileEncoding</key>
			<string>4</string>
			<key>isa</key>
			<string>PBXFileReference</string>
			<key>lastKnownFileType</key>
			<string>sourcecode.swift</string>
			<key>path</key>
			<string>RoadTileBehavior.swift</string>
			<key>sourceTree</key>
			<string>&lt;group&gt;</string>
		</dict>
		<key>1480F13E1CB978CE00E79C0A</key>
		<dict>
			<key>fileEncoding</key>
			<string>4</string>
			<key>isa</key>
			<string>PBXFileReference</string>
			<key>lastKnownFileType</key>
			<string>sourcecode.swift</string>
			<key>path</key>
			<string>SeaportTileBehavior.swift</string>
			<key>sourceTree</key>
			<string>&lt;group&gt;</string>
		</dict>
		<key>1480F13F1CB978CE00E79C0A</key>
		<dict>
			<key>fileEncoding</key>
			<string>4</string>
			<key>isa</key>
			<string>PBXFileReference</string>
			<key>lastKnownFileType</key>
			<string>sourcecode.swift</string>
			<key>path</key>
			<string>Simulation.swift</string>
			<key>sourceTree</key>
			<string>&lt;group&gt;</string>
		</dict>
		<key>1480F1401CB978CE00E79C0A</key>
		<dict>
			<key>fileEncoding</key>
			<string>4</string>
			<key>isa</key>
			<string>PBXFileReference</string>
			<key>lastKnownFileType</key>
			<string>sourcecode.swift</string>
			<key>path</key>
			<string>Smoothers.swift</string>
			<key>sourceTree</key>
			<string>&lt;group&gt;</string>
		</dict>
		<key>1480F1411CB978CE00E79C0A</key>
		<dict>
			<key>fileEncoding</key>
			<string>4</string>
			<key>isa</key>
			<string>PBXFileReference</string>
			<key>lastKnownFileType</key>
			<string>sourcecode.swift</string>
			<key>path</key>
			<string>Speed.swift</string>
			<key>sourceTree</key>
			<string>&lt;group&gt;</string>
		</dict>
		<key>1480F1421CB978CE00E79C0A</key>
		<dict>
			<key>fileEncoding</key>
			<string>4</string>
			<key>isa</key>
			<string>PBXFileReference</string>
			<key>lastKnownFileType</key>
			<string>sourcecode.swift</string>
			<key>path</key>
			<string>Sprite.swift</string>
			<key>sourceTree</key>
			<string>&lt;group&gt;</string>
		</dict>
		<key>1480F1431CB978CE00E79C0A</key>
		<dict>
			<key>fileEncoding</key>
			<string>4</string>
			<key>isa</key>
			<string>PBXFileReference</string>
			<key>lastKnownFileType</key>
			<string>sourcecode.swift</string>
			<key>path</key>
			<string>StadiumTileBehavior.swift</string>
			<key>sourceTree</key>
			<string>&lt;group&gt;</string>
		</dict>
		<key>1480F1441CB978CE00E79C0A</key>
		<dict>
			<key>fileEncoding</key>
			<string>4</string>
			<key>isa</key>
			<string>PBXFileReference</string>
			<key>lastKnownFileType</key>
			<string>sourcecode.swift</string>
			<key>path</key>
			<string>Subscriber.swift</string>
			<key>sourceTree</key>
			<string>&lt;group&gt;</string>
		</dict>
		<key>1480F1451CB978CE00E79C0A</key>
		<dict>
			<key>fileEncoding</key>
			<string>4</string>
			<key>isa</key>
			<string>PBXFileReference</string>
			<key>lastKnownFileType</key>
			<string>sourcecode.swift</string>
			<key>path</key>
			<string>Tile.swift</string>
			<key>sourceTree</key>
			<string>&lt;group&gt;</string>
		</dict>
		<key>1480F1461CB978CE00E79C0A</key>
		<dict>
			<key>fileEncoding</key>
			<string>4</string>
			<key>isa</key>
			<string>PBXFileReference</string>
			<key>lastKnownFileType</key>
			<string>sourcecode.swift</string>
			<key>path</key>
			<string>TileBehavior.swift</string>
			<key>sourceTree</key>
			<string>&lt;group&gt;</string>
		</dict>
		<key>1480F1471CB978CE00E79C0A</key>
		<dict>
			<key>fileEncoding</key>
			<string>4</string>
			<key>isa</key>
			<string>PBXFileReference</string>
			<key>lastKnownFileType</key>
			<string>sourcecode.swift</string>
			<key>path</key>
			<string>TileConstants.swift</string>
			<key>sourceTree</key>
			<string>&lt;group&gt;</string>
		</dict>
		<key>1480F1481CB978CE00E79C0A</key>
		<dict>
			<key>fileEncoding</key>
			<string>4</string>
			<key>isa</key>
			<string>PBXFileReference</string>
			<key>lastKnownFileType</key>
			<string>sourcecode.swift</string>
			<key>path</key>
			<string>TileImageInfo.swift</string>
			<key>sourceTree</key>
			<string>&lt;group&gt;</string>
		</dict>
		<key>1480F1491CB978CE00E79C0A</key>
		<dict>
			<key>fileEncoding</key>
			<string>4</string>
			<key>isa</key>
			<string>PBXFileReference</string>
			<key>lastKnownFileType</key>
			<string>sourcecode.swift</string>
			<key>path</key>
			<string>TileImages.swift</string>
			<key>sourceTree</key>
			<string>&lt;group&gt;</string>
		</dict>
		<key>1480F14A1CB978CE00E79C0A</key>
		<dict>
			<key>fileEncoding</key>
			<string>4</string>
			<key>isa</key>
			<string>PBXFileReference</string>
			<key>lastKnownFileType</key>
			<string>sourcecode.swift</string>
			<key>path</key>
			<string>TileLoader.swift</string>
			<key>sourceTree</key>
			<string>&lt;group&gt;</string>
		</dict>
		<key>1480F14B1CB978CE00E79C0A</key>
		<dict>
			<key>fileEncoding</key>
			<string>4</string>
			<key>isa</key>
			<string>PBXFileReference</string>
			<key>lastKnownFileType</key>
			<string>text.json</string>
			<key>path</key>
			<string>tiles.json</string>
			<key>sourceTree</key>
			<string>&lt;group&gt;</string>
		</dict>
		<key>1480F14C1CB978CE00E79C0A</key>
		<dict>
			<key>fileEncoding</key>
			<string>4</string>
			<key>isa</key>
			<string>PBXFileReference</string>
			<key>lastKnownFileType</key>
			<string>sourcecode.swift</string>
			<key>path</key>
			<string>Tiles.swift</string>
			<key>sourceTree</key>
			<string>&lt;group&gt;</string>
		</dict>
		<key>1480F14D1CB978CE00E79C0A</key>
		<dict>
			<key>fileEncoding</key>
			<string>4</string>
			<key>isa</key>
			<string>PBXFileReference</string>
			<key>lastKnownFileType</key>
			<string>sourcecode.swift</string>
			<key>path</key>
			<string>TileTextures.swift</string>
			<key>sourceTree</key>
			<string>&lt;group&gt;</string>
		</dict>
		<key>1480F14E1CB978CE00E79C0A</key>
		<dict>
			<key>fileEncoding</key>
			<string>4</string>
			<key>isa</key>
			<string>PBXFileReference</string>
			<key>lastKnownFileType</key>
			<string>sourcecode.swift</string>
			<key>path</key>
			<string>Tool.swift</string>
			<key>sourceTree</key>
			<string>&lt;group&gt;</string>
		</dict>
		<key>1480F14F1CB978CE00E79C0A</key>
		<dict>
			<key>fileEncoding</key>
			<string>4</string>
			<key>isa</key>
			<string>PBXFileReference</string>
			<key>lastKnownFileType</key>
			<string>sourcecode.swift</string>
			<key>path</key>
			<string>ToolButton.swift</string>
			<key>sourceTree</key>
			<string>&lt;group&gt;</string>
		</dict>
		<key>1480F1501CB978CE00E79C0A</key>
		<dict>
			<key>fileEncoding</key>
			<string>4</string>
			<key>isa</key>
			<string>PBXFileReference</string>
			<key>lastKnownFileType</key>
			<string>sourcecode.swift</string>
			<key>path</key>
			<string>ToolButtonPanel.swift</string>
			<key>sourceTree</key>
			<string>&lt;group&gt;</string>
		</dict>
		<key>1480F1511CB978CE00E79C0A</key>
		<dict>
			<key>fileEncoding</key>
			<string>4</string>
			<key>isa</key>
			<string>PBXFileReference</string>
			<key>lastKnownFileType</key>
			<string>sourcecode.swift</string>
			<key>path</key>
			<string>ToolCursor.swift</string>
			<key>sourceTree</key>
			<string>&lt;group&gt;</string>
		</dict>
		<key>1480F1521CB978CE00E79C0A</key>
		<dict>
			<key>fileEncoding</key>
			<string>4</string>
			<key>isa</key>
			<string>PBXFileReference</string>
			<key>lastKnownFileType</key>
			<string>sourcecode.swift</string>
			<key>path</key>
			<string>ToolEffect.swift</string>
			<key>sourceTree</key>
			<string>&lt;group&gt;</string>
		</dict>
		<key>1480F1531CB978CE00E79C0A</key>
		<dict>
			<key>fileEncoding</key>
			<string>4</string>
			<key>isa</key>
			<string>PBXFileReference</string>
			<key>lastKnownFileType</key>
			<string>sourcecode.swift</string>
			<key>path</key>
			<string>ToolNode.swift</string>
			<key>sourceTree</key>
			<string>&lt;group&gt;</string>
		</dict>
		<key>1480F1541CB978CE00E79C0A</key>
		<dict>
			<key>fileEncoding</key>
			<string>4</string>
			<key>isa</key>
			<string>PBXFileReference</string>
			<key>lastKnownFileType</key>
			<string>sourcecode.swift</string>
			<key>path</key>
			<string>ToolPreview.swift</string>
			<key>sourceTree</key>
			<string>&lt;group&gt;</string>
		</dict>
		<key>1480F1551CB978CE00E79C0A</key>
		<dict>
			<key>fileEncoding</key>
			<string>4</string>
			<key>isa</key>
			<string>PBXFileReference</string>
			<key>lastKnownFileType</key>
			<string>sourcecode.swift</string>
			<key>path</key>
			<string>ToolResult.swift</string>
			<key>sourceTree</key>
			<string>&lt;group&gt;</string>
		</dict>
		<key>1480F1561CB978CE00E79C0A</key>
		<dict>
			<key>fileEncoding</key>
			<string>4</string>
			<key>isa</key>
			<string>PBXFileReference</string>
			<key>lastKnownFileType</key>
			<string>sourcecode.swift</string>
			<key>path</key>
			<string>ToolStroke.swift</string>
			<key>sourceTree</key>
			<string>&lt;group&gt;</string>
		</dict>
		<key>1480F1571CB978CE00E79C0A</key>
		<dict>
			<key>fileEncoding</key>
			<string>4</string>
			<key>isa</key>
			<string>PBXFileReference</string>
			<key>lastKnownFileType</key>
			<string>sourcecode.swift</string>
			<key>path</key>
			<string>TornadoSprite.swift</string>
			<key>sourceTree</key>
			<string>&lt;group&gt;</string>
		</dict>
		<key>1480F1581CB978CE00E79C0A</key>
		<dict>
			<key>fileEncoding</key>
			<string>4</string>
			<key>isa</key>
			<string>PBXFileReference</string>
			<key>lastKnownFileType</key>
			<string>sourcecode.swift</string>
			<key>path</key>
			<string>TrafficGenerator.swift</string>
			<key>sourceTree</key>
			<string>&lt;group&gt;</string>
		</dict>
		<key>1480F1591CB978CE00E79C0A</key>
		<dict>
			<key>fileEncoding</key>
			<string>4</string>
			<key>isa</key>
			<string>PBXFileReference</string>
			<key>lastKnownFileType</key>
			<string>sourcecode.swift</string>
			<key>path</key>
			<string>Utils.swift</string>
			<key>sourceTree</key>
			<string>&lt;group&gt;</string>
		</dict>
		<key>1480F15A1CB978CE00E79C0A</key>
		<dict>
			<key>fileEncoding</key>
			<string>4</string>
			<key>isa</key>
			<string>PBXFileReference</string>
			<key>lastKnownFileType</key>
			<string>sourcecode.swift</string>
			<key>path</key>
			<string>Zone.swift</string>
			<key>sourceTree</key>
			<string>&lt;group&gt;</string>
		</dict>
		<key>1480F15B1CB978CE00E79C0A</key>
		<dict>
			<key>fileRef</key>
			<string>1480F1011CB978CE00E79C0A</string>
			<key>isa</key>
			<string>PBXBuildFile</string>
		</dict>
		<key>1480F15C1CB978CE00E79C0A</key>
		<dict>
			<key>fileRef</key>
			<string>1480F1021CB978CE00E79C0A</string>
			<key>isa</key>
			<string>PBXBuildFile</string>
		</dict>
		<key>1480F15D1CB978CE00E79C0A</key>
		<dict>
			<key>fileRef</key>
			<string>1480F1031CB978CE00E79C0A</string>
			<key>isa</key>
			<string>PBXBuildFile</string>
		</dict>
		<key>1480F15E1CB978CE00E79C0A</key>
		<dict>
			<key>fileRef</key>
			<string>1480F1041CB978CE00E79C0A</string>
			<key>isa</key>
			<string>PBXBuildFile</string>
		</dict>
		<key>1480F15F1CB978CE00E79C0A</key>
		<dict>
			<key>fileRef</key>
			<string>1480F1051CB978CE00E79C0A</string>
			<key>isa</key>
			<string>PBXBuildFile</string>
		</dict>
		<key>1480F1601CB978CE00E79C0A</key>
		<dict>
			<key>fileRef</key>
			<string>1480F1061CB978CE00E79C0A</string>
			<key>isa</key>
			<string>PBXBuildFile</string>
		</dict>
		<key>1480F1611CB978CE00E79C0A</key>
		<dict>
			<key>fileRef</key>
			<string>1480F1071CB978CE00E79C0A</string>
			<key>isa</key>
			<string>PBXBuildFile</string>
		</dict>
		<key>1480F1621CB978CE00E79C0A</key>
		<dict>
			<key>fileRef</key>
			<string>1480F1081CB978CE00E79C0A</string>
			<key>isa</key>
			<string>PBXBuildFile</string>
		</dict>
		<key>1480F1631CB978CE00E79C0A</key>
		<dict>
			<key>fileRef</key>
			<string>1480F1091CB978CE00E79C0A</string>
			<key>isa</key>
			<string>PBXBuildFile</string>
		</dict>
		<key>1480F1641CB978CE00E79C0A</key>
		<dict>
			<key>fileRef</key>
			<string>1480F10A1CB978CE00E79C0A</string>
			<key>isa</key>
			<string>PBXBuildFile</string>
		</dict>
		<key>1480F1651CB978CE00E79C0A</key>
		<dict>
			<key>fileRef</key>
			<string>1480F10B1CB978CE00E79C0A</string>
			<key>isa</key>
			<string>PBXBuildFile</string>
		</dict>
		<key>1480F1661CB978CE00E79C0A</key>
		<dict>
			<key>fileRef</key>
			<string>1480F10C1CB978CE00E79C0A</string>
			<key>isa</key>
			<string>PBXBuildFile</string>
		</dict>
		<key>1480F1671CB978CE00E79C0A</key>
		<dict>
			<key>fileRef</key>
			<string>1480F10D1CB978CE00E79C0A</string>
			<key>isa</key>
			<string>PBXBuildFile</string>
		</dict>
		<key>1480F1681CB978CE00E79C0A</key>
		<dict>
			<key>fileRef</key>
			<string>1480F10E1CB978CE00E79C0A</string>
			<key>isa</key>
			<string>PBXBuildFile</string>
		</dict>
		<key>1480F1691CB978CE00E79C0A</key>
		<dict>
			<key>fileRef</key>
			<string>1480F10F1CB978CE00E79C0A</string>
			<key>isa</key>
			<string>PBXBuildFile</string>
		</dict>
		<key>1480F16A1CB978CE00E79C0A</key>
		<dict>
			<key>fileRef</key>
			<string>1480F1101CB978CE00E79C0A</string>
			<key>isa</key>
			<string>PBXBuildFile</string>
		</dict>
		<key>1480F16B1CB978CE00E79C0A</key>
		<dict>
			<key>fileRef</key>
			<string>1480F1111CB978CE00E79C0A</string>
			<key>isa</key>
			<string>PBXBuildFile</string>
		</dict>
		<key>1480F16C1CB978CE00E79C0A</key>
		<dict>
			<key>fileRef</key>
			<string>1480F1121CB978CE00E79C0A</string>
			<key>isa</key>
			<string>PBXBuildFile</string>
		</dict>
		<key>1480F16D1CB978CE00E79C0A</key>
		<dict>
			<key>fileRef</key>
			<string>1480F1131CB978CE00E79C0A</string>
			<key>isa</key>
			<string>PBXBuildFile</string>
		</dict>
		<key>1480F16E1CB978CE00E79C0A</key>
		<dict>
			<key>fileRef</key>
			<string>1480F1141CB978CE00E79C0A</string>
			<key>isa</key>
			<string>PBXBuildFile</string>
		</dict>
		<key>1480F16F1CB978CE00E79C0A</key>
		<dict>
			<key>fileRef</key>
			<string>1480F1151CB978CE00E79C0A</string>
			<key>isa</key>
			<string>PBXBuildFile</string>
		</dict>
		<key>1480F1701CB978CE00E79C0A</key>
		<dict>
			<key>fileRef</key>
			<string>1480F1161CB978CE00E79C0A</string>
			<key>isa</key>
			<string>PBXBuildFile</string>
		</dict>
		<key>1480F1711CB978CE00E79C0A</key>
		<dict>
			<key>fileRef</key>
			<string>1480F1171CB978CE00E79C0A</string>
			<key>isa</key>
			<string>PBXBuildFile</string>
		</dict>
		<key>1480F1721CB978CE00E79C0A</key>
		<dict>
			<key>fileRef</key>
			<string>1480F1181CB978CE00E79C0A</string>
			<key>isa</key>
			<string>PBXBuildFile</string>
		</dict>
		<key>1480F1731CB978CE00E79C0A</key>
		<dict>
			<key>fileRef</key>
			<string>1480F1191CB978CE00E79C0A</string>
			<key>isa</key>
			<string>PBXBuildFile</string>
		</dict>
		<key>1480F1741CB978CE00E79C0A</key>
		<dict>
			<key>fileRef</key>
			<string>1480F11A1CB978CE00E79C0A</string>
			<key>isa</key>
			<string>PBXBuildFile</string>
		</dict>
		<key>1480F1751CB978CE00E79C0A</key>
		<dict>
			<key>fileRef</key>
			<string>1480F11B1CB978CE00E79C0A</string>
			<key>isa</key>
			<string>PBXBuildFile</string>
		</dict>
		<key>1480F1761CB978CE00E79C0A</key>
		<dict>
			<key>fileRef</key>
			<string>1480F11C1CB978CE00E79C0A</string>
			<key>isa</key>
			<string>PBXBuildFile</string>
		</dict>
		<key>1480F1771CB978CE00E79C0A</key>
		<dict>
			<key>fileRef</key>
			<string>1480F11D1CB978CE00E79C0A</string>
			<key>isa</key>
			<string>PBXBuildFile</string>
		</dict>
		<key>1480F1781CB978CE00E79C0A</key>
		<dict>
			<key>fileRef</key>
			<string>1480F11E1CB978CE00E79C0A</string>
			<key>isa</key>
			<string>PBXBuildFile</string>
		</dict>
		<key>1480F1791CB978CE00E79C0A</key>
		<dict>
			<key>fileRef</key>
			<string>1480F11F1CB978CE00E79C0A</string>
			<key>isa</key>
			<string>PBXBuildFile</string>
		</dict>
		<key>1480F17A1CB978CE00E79C0A</key>
		<dict>
			<key>fileRef</key>
			<string>1480F1201CB978CE00E79C0A</string>
			<key>isa</key>
			<string>PBXBuildFile</string>
		</dict>
		<key>1480F17B1CB978CE00E79C0A</key>
		<dict>
			<key>fileRef</key>
			<string>1480F1211CB978CE00E79C0A</string>
			<key>isa</key>
			<string>PBXBuildFile</string>
		</dict>
		<key>1480F17C1CB978CE00E79C0A</key>
		<dict>
			<key>fileRef</key>
			<string>1480F1221CB978CE00E79C0A</string>
			<key>isa</key>
			<string>PBXBuildFile</string>
		</dict>
		<key>1480F17D1CB978CE00E79C0A</key>
		<dict>
			<key>fileRef</key>
			<string>1480F1231CB978CE00E79C0A</string>
			<key>isa</key>
			<string>PBXBuildFile</string>
		</dict>
		<key>1480F17E1CB978CE00E79C0A</key>
		<dict>
			<key>fileRef</key>
			<string>1480F1241CB978CE00E79C0A</string>
			<key>isa</key>
			<string>PBXBuildFile</string>
		</dict>
		<key>1480F17F1CB978CE00E79C0A</key>
		<dict>
			<key>fileRef</key>
			<string>1480F1251CB978CE00E79C0A</string>
			<key>isa</key>
			<string>PBXBuildFile</string>
		</dict>
		<key>1480F1801CB978CE00E79C0A</key>
		<dict>
			<key>fileRef</key>
			<string>1480F1261CB978CE00E79C0A</string>
			<key>isa</key>
			<string>PBXBuildFile</string>
		</dict>
		<key>1480F1811CB978CE00E79C0A</key>
		<dict>
			<key>fileRef</key>
			<string>1480F1271CB978CE00E79C0A</string>
			<key>isa</key>
			<string>PBXBuildFile</string>
		</dict>
		<key>1480F1821CB978CE00E79C0A</key>
		<dict>
			<key>fileRef</key>
			<string>1480F1281CB978CE00E79C0A</string>
			<key>isa</key>
			<string>PBXBuildFile</string>
		</dict>
		<key>1480F1831CB978CE00E79C0A</key>
		<dict>
			<key>fileRef</key>
			<string>1480F1291CB978CE00E79C0A</string>
			<key>isa</key>
			<string>PBXBuildFile</string>
		</dict>
		<key>1480F1841CB978CE00E79C0A</key>
		<dict>
			<key>fileRef</key>
			<string>1480F12A1CB978CE00E79C0A</string>
			<key>isa</key>
			<string>PBXBuildFile</string>
		</dict>
		<key>1480F1851CB978CE00E79C0A</key>
		<dict>
			<key>fileRef</key>
			<string>1480F12B1CB978CE00E79C0A</string>
			<key>isa</key>
			<string>PBXBuildFile</string>
		</dict>
		<key>1480F1861CB978CE00E79C0A</key>
		<dict>
			<key>fileRef</key>
			<string>1480F12C1CB978CE00E79C0A</string>
			<key>isa</key>
			<string>PBXBuildFile</string>
		</dict>
		<key>1480F1871CB978CE00E79C0A</key>
		<dict>
			<key>fileRef</key>
			<string>1480F12D1CB978CE00E79C0A</string>
			<key>isa</key>
			<string>PBXBuildFile</string>
		</dict>
		<key>1480F1881CB978CE00E79C0A</key>
		<dict>
			<key>fileRef</key>
			<string>1480F12E1CB978CE00E79C0A</string>
			<key>isa</key>
			<string>PBXBuildFile</string>
		</dict>
		<key>1480F1891CB978CE00E79C0A</key>
		<dict>
			<key>fileRef</key>
			<string>1480F12F1CB978CE00E79C0A</string>
			<key>isa</key>
			<string>PBXBuildFile</string>
		</dict>
		<key>1480F18A1CB978CE00E79C0A</key>
		<dict>
			<key>fileRef</key>
			<string>1480F1301CB978CE00E79C0A</string>
			<key>isa</key>
			<string>PBXBuildFile</string>
		</dict>
		<key>1480F18B1CB978CE00E79C0A</key>
		<dict>
			<key>fileRef</key>
			<string>1480F1311CB978CE00E79C0A</string>
			<key>isa</key>
			<string>PBXBuildFile</string>
		</dict>
		<key>1480F18C1CB978CE00E79C0A</key>
		<dict>
			<key>fileRef</key>
			<string>1480F1321CB978CE00E79C0A</string>
			<key>isa</key>
			<string>PBXBuildFile</string>
		</dict>
		<key>1480F18D1CB978CE00E79C0A</key>
		<dict>
			<key>fileRef</key>
			<string>1480F1331CB978CE00E79C0A</string>
			<key>isa</key>
			<string>PBXBuildFile</string>
		</dict>
		<key>1480F18E1CB978CE00E79C0A</key>
		<dict>
			<key>fileRef</key>
			<string>1480F1341CB978CE00E79C0A</string>
			<key>isa</key>
			<string>PBXBuildFile</string>
		</dict>
		<key>1480F18F1CB978CE00E79C0A</key>
		<dict>
			<key>fileRef</key>
			<string>1480F1351CB978CE00E79C0A</string>
			<key>isa</key>
			<string>PBXBuildFile</string>
		</dict>
		<key>1480F1901CB978CE00E79C0A</key>
		<dict>
			<key>fileRef</key>
			<string>1480F1361CB978CE00E79C0A</string>
			<key>isa</key>
			<string>PBXBuildFile</string>
		</dict>
		<key>1480F1911CB978CE00E79C0A</key>
		<dict>
			<key>fileRef</key>
			<string>1480F1371CB978CE00E79C0A</string>
			<key>isa</key>
			<string>PBXBuildFile</string>
		</dict>
		<key>1480F1921CB978CE00E79C0A</key>
		<dict>
			<key>fileRef</key>
			<string>1480F1381CB978CE00E79C0A</string>
			<key>isa</key>
			<string>PBXBuildFile</string>
		</dict>
		<key>1480F1931CB978CE00E79C0A</key>
		<dict>
			<key>fileRef</key>
			<string>1480F1391CB978CE00E79C0A</string>
			<key>isa</key>
			<string>PBXBuildFile</string>
		</dict>
		<key>1480F1941CB978CE00E79C0A</key>
		<dict>
			<key>fileRef</key>
			<string>1480F13A1CB978CE00E79C0A</string>
			<key>isa</key>
			<string>PBXBuildFile</string>
		</dict>
		<key>1480F1951CB978CE00E79C0A</key>
		<dict>
			<key>fileRef</key>
			<string>1480F13B1CB978CE00E79C0A</string>
			<key>isa</key>
			<string>PBXBuildFile</string>
		</dict>
		<key>1480F1961CB978CE00E79C0A</key>
		<dict>
			<key>fileRef</key>
			<string>1480F13C1CB978CE00E79C0A</string>
			<key>isa</key>
			<string>PBXBuildFile</string>
		</dict>
		<key>1480F1971CB978CE00E79C0A</key>
		<dict>
			<key>fileRef</key>
			<string>1480F13D1CB978CE00E79C0A</string>
			<key>isa</key>
			<string>PBXBuildFile</string>
		</dict>
		<key>1480F1981CB978CE00E79C0A</key>
		<dict>
			<key>fileRef</key>
			<string>1480F13E1CB978CE00E79C0A</string>
			<key>isa</key>
			<string>PBXBuildFile</string>
		</dict>
		<key>1480F1991CB978CE00E79C0A</key>
		<dict>
			<key>fileRef</key>
			<string>1480F13F1CB978CE00E79C0A</string>
			<key>isa</key>
			<string>PBXBuildFile</string>
		</dict>
		<key>1480F19A1CB978CE00E79C0A</key>
		<dict>
			<key>fileRef</key>
			<string>1480F1401CB978CE00E79C0A</string>
			<key>isa</key>
			<string>PBXBuildFile</string>
		</dict>
		<key>1480F19B1CB978CE00E79C0A</key>
		<dict>
			<key>fileRef</key>
			<string>1480F1411CB978CE00E79C0A</string>
			<key>isa</key>
			<string>PBXBuildFile</string>
		</dict>
		<key>1480F19C1CB978CE00E79C0A</key>
		<dict>
			<key>fileRef</key>
			<string>1480F1421CB978CE00E79C0A</string>
			<key>isa</key>
			<string>PBXBuildFile</string>
		</dict>
		<key>1480F19D1CB978CE00E79C0A</key>
		<dict>
			<key>fileRef</key>
			<string>1480F1431CB978CE00E79C0A</string>
			<key>isa</key>
			<string>PBXBuildFile</string>
		</dict>
		<key>1480F19E1CB978CE00E79C0A</key>
		<dict>
			<key>fileRef</key>
			<string>1480F1441CB978CE00E79C0A</string>
			<key>isa</key>
			<string>PBXBuildFile</string>
		</dict>
		<key>1480F19F1CB978CE00E79C0A</key>
		<dict>
			<key>fileRef</key>
			<string>1480F1451CB978CE00E79C0A</string>
			<key>isa</key>
			<string>PBXBuildFile</string>
		</dict>
		<key>1480F1A01CB978CE00E79C0A</key>
		<dict>
			<key>fileRef</key>
			<string>1480F1461CB978CE00E79C0A</string>
			<key>isa</key>
			<string>PBXBuildFile</string>
		</dict>
		<key>1480F1A11CB978CE00E79C0A</key>
		<dict>
			<key>fileRef</key>
			<string>1480F1471CB978CE00E79C0A</string>
			<key>isa</key>
			<string>PBXBuildFile</string>
		</dict>
		<key>1480F1A21CB978CE00E79C0A</key>
		<dict>
			<key>fileRef</key>
			<string>1480F1481CB978CE00E79C0A</string>
			<key>isa</key>
			<string>PBXBuildFile</string>
		</dict>
		<key>1480F1A31CB978CE00E79C0A</key>
		<dict>
			<key>fileRef</key>
			<string>1480F1491CB978CE00E79C0A</string>
			<key>isa</key>
			<string>PBXBuildFile</string>
		</dict>
		<key>1480F1A41CB978CE00E79C0A</key>
		<dict>
			<key>fileRef</key>
			<string>1480F14A1CB978CE00E79C0A</string>
			<key>isa</key>
			<string>PBXBuildFile</string>
		</dict>
		<key>1480F1A51CB978CE00E79C0A</key>
		<dict>
			<key>fileRef</key>
			<string>1480F14B1CB978CE00E79C0A</string>
			<key>isa</key>
			<string>PBXBuildFile</string>
		</dict>
		<key>1480F1A61CB978CE00E79C0A</key>
		<dict>
			<key>fileRef</key>
			<string>1480F14C1CB978CE00E79C0A</string>
			<key>isa</key>
			<string>PBXBuildFile</string>
		</dict>
		<key>1480F1A71CB978CE00E79C0A</key>
		<dict>
			<key>fileRef</key>
			<string>1480F14D1CB978CE00E79C0A</string>
			<key>isa</key>
			<string>PBXBuildFile</string>
		</dict>
		<key>1480F1A81CB978CE00E79C0A</key>
		<dict>
			<key>fileRef</key>
			<string>1480F14E1CB978CE00E79C0A</string>
			<key>isa</key>
			<string>PBXBuildFile</string>
		</dict>
		<key>1480F1A91CB978CE00E79C0A</key>
		<dict>
			<key>fileRef</key>
			<string>1480F14F1CB978CE00E79C0A</string>
			<key>isa</key>
			<string>PBXBuildFile</string>
		</dict>
		<key>1480F1AA1CB978CE00E79C0A</key>
		<dict>
			<key>fileRef</key>
			<string>1480F1501CB978CE00E79C0A</string>
			<key>isa</key>
			<string>PBXBuildFile</string>
		</dict>
		<key>1480F1AB1CB978CE00E79C0A</key>
		<dict>
			<key>fileRef</key>
			<string>1480F1511CB978CE00E79C0A</string>
			<key>isa</key>
			<string>PBXBuildFile</string>
		</dict>
		<key>1480F1AC1CB978CE00E79C0A</key>
		<dict>
			<key>fileRef</key>
			<string>1480F1521CB978CE00E79C0A</string>
			<key>isa</key>
			<string>PBXBuildFile</string>
		</dict>
		<key>1480F1AD1CB978CE00E79C0A</key>
		<dict>
			<key>fileRef</key>
			<string>1480F1531CB978CE00E79C0A</string>
			<key>isa</key>
			<string>PBXBuildFile</string>
		</dict>
		<key>1480F1AE1CB978CE00E79C0A</key>
		<dict>
			<key>fileRef</key>
			<string>1480F1541CB978CE00E79C0A</string>
			<key>isa</key>
			<string>PBXBuildFile</string>
		</dict>
		<key>1480F1AF1CB978CE00E79C0A</key>
		<dict>
			<key>fileRef</key>
			<string>1480F1551CB978CE00E79C0A</string>
			<key>isa</key>
			<string>PBXBuildFile</string>
		</dict>
		<key>1480F1B01CB978CE00E79C0A</key>
		<dict>
			<key>fileRef</key>
			<string>1480F1561CB978CE00E79C0A</string>
			<key>isa</key>
			<string>PBXBuildFile</string>
		</dict>
		<key>1480F1B11CB978CE00E79C0A</key>
		<dict>
			<key>fileRef</key>
			<string>1480F1571CB978CE00E79C0A</string>
			<key>isa</key>
			<string>PBXBuildFile</string>
		</dict>
		<key>1480F1B21CB978CE00E79C0A</key>
		<dict>
			<key>fileRef</key>
			<string>1480F1581CB978CE00E79C0A</string>
			<key>isa</key>
			<string>PBXBuildFile</string>
		</dict>
		<key>1480F1B31CB978CE00E79C0A</key>
		<dict>
			<key>fileRef</key>
			<string>1480F1591CB978CE00E79C0A</string>
			<key>isa</key>
			<string>PBXBuildFile</string>
		</dict>
		<key>1480F1B41CB978CE00E79C0A</key>
		<dict>
			<key>fileRef</key>
			<string>1480F15A1CB978CE00E79C0A</string>
			<key>isa</key>
			<string>PBXBuildFile</string>
		</dict>
		<key>26F3226451874576B674B7DC</key>
		<dict>
			<key>fileRef</key>
			<string>A2AAAFF64E3D387C48FFCD4D</string>
			<key>isa</key>
			<string>PBXBuildFile</string>
		</dict>
		<key>3F32724CEB149CEF9A3FE824</key>
		<dict>
			<key>includeInIndex</key>
			<string>1</string>
			<key>isa</key>
			<string>PBXFileReference</string>
			<key>lastKnownFileType</key>
			<string>text.xcconfig</string>
			<key>name</key>
			<string>Pods-Swiftopolis-new.release.xcconfig</string>
			<key>path</key>
			<string>Pods/Target Support Files/Pods-Swiftopolis-new/Pods-Swiftopolis-new.release.xcconfig</string>
			<key>sourceTree</key>
			<string>&lt;group&gt;</string>
		</dict>
		<key>55A9821371AE463950F93FB8</key>
		<dict>
			<key>children</key>
			<array>
				<string>A2AAAFF64E3D387C48FFCD4D</string>
			</array>
			<key>isa</key>
			<string>PBXGroup</string>
			<key>name</key>
			<string>Frameworks</string>
			<key>sourceTree</key>
			<string>&lt;group&gt;</string>
		</dict>
		<key>A2AAAFF64E3D387C48FFCD4D</key>
		<dict>
			<key>explicitFileType</key>
			<string>wrapper.framework</string>
			<key>includeInIndex</key>
			<string>0</string>
			<key>isa</key>
			<string>PBXFileReference</string>
			<key>path</key>
			<string>Pods_Swiftopolis_new.framework</string>
			<key>sourceTree</key>
			<string>BUILT_PRODUCTS_DIR</string>
		</dict>
		<key>A7933F44912A02480FF27276</key>
		<dict>
			<key>buildActionMask</key>
			<string>2147483647</string>
			<key>files</key>
			<array/>
			<key>inputPaths</key>
			<array/>
			<key>isa</key>
			<string>PBXShellScriptBuildPhase</string>
			<key>name</key>
			<string>Embed Pods Frameworks</string>
			<key>outputPaths</key>
			<array/>
			<key>runOnlyForDeploymentPostprocessing</key>
			<string>0</string>
			<key>shellPath</key>
			<string>/bin/sh</string>
			<key>shellScript</key>
			<string>"${SRCROOT}/Pods/Target Support Files/Pods-Swiftopolis-new/Pods-Swiftopolis-new-frameworks.sh"
</string>
			<key>showEnvVarsInLog</key>
			<string>0</string>
		</dict>
		<key>B7AB9650C809A03EC82D9090</key>
		<dict>
			<key>includeInIndex</key>
			<string>1</string>
			<key>isa</key>
			<string>PBXFileReference</string>
			<key>lastKnownFileType</key>
			<string>text.xcconfig</string>
			<key>name</key>
			<string>Pods-Swiftopolis-new.debug.xcconfig</string>
			<key>path</key>
			<string>Pods/Target Support Files/Pods-Swiftopolis-new/Pods-Swiftopolis-new.debug.xcconfig</string>
			<key>sourceTree</key>
			<string>&lt;group&gt;</string>
		</dict>
		<key>C5793CA8124A42012BCA774A</key>
		<dict>
			<key>buildActionMask</key>
			<string>2147483647</string>
			<key>files</key>
			<array/>
			<key>inputPaths</key>
			<array/>
			<key>isa</key>
			<string>PBXShellScriptBuildPhase</string>
			<key>name</key>
			<string>Copy Pods Resources</string>
			<key>outputPaths</key>
			<array/>
			<key>runOnlyForDeploymentPostprocessing</key>
			<string>0</string>
			<key>shellPath</key>
			<string>/bin/sh</string>
			<key>shellScript</key>
			<string>"${SRCROOT}/Pods/Target Support Files/Pods-Swiftopolis-new/Pods-Swiftopolis-new-resources.sh"
</string>
			<key>showEnvVarsInLog</key>
			<string>0</string>
		</dict>
		<key>E31E9D0DEB9B11F504ECA96C</key>
		<dict>
			<key>buildActionMask</key>
			<string>2147483647</string>
			<key>files</key>
			<array/>
			<key>inputPaths</key>
			<array/>
			<key>isa</key>
			<string>PBXShellScriptBuildPhase</string>
			<key>name</key>
			<string>Check Pods Manifest.lock</string>
			<key>outputPaths</key>
			<array/>
			<key>runOnlyForDeploymentPostprocessing</key>
			<string>0</string>
			<key>shellPath</key>
			<string>/bin/sh</string>
			<key>shellScript</key>
			<string>diff "${PODS_ROOT}/../Podfile.lock" "${PODS_ROOT}/Manifest.lock" &gt; /dev/null
if [[ $? != 0 ]] ; then
    cat &lt;&lt; EOM
error: The sandbox is not in sync with the Podfile.lock. Run 'pod install' or update your CocoaPods installation.
EOM
    exit 1
fi
</string>
			<key>showEnvVarsInLog</key>
			<string>0</string>
		</dict>
		<key>F694FAA2AA6A11B2B35B2B18</key>
		<dict>
			<key>children</key>
			<array>
				<string>B7AB9650C809A03EC82D9090</string>
				<string>3F32724CEB149CEF9A3FE824</string>
			</array>
			<key>isa</key>
			<string>PBXGroup</string>
			<key>name</key>
			<string>Pods</string>
			<key>sourceTree</key>
			<string>&lt;group&gt;</string>
		</dict>
	</dict>
	<key>rootObject</key>
	<string>1480EF781CB977A900E79C0A</string>
</dict>
</plist>
